
Microsoft Visual Studio Solution File, Format Version 12.00
# Visual Studio Version 16
VisualStudioVersion = 16.0.31129.286
MinimumVisualStudioVersion = 10.0.40219.1
Project("{8BC9CEB8-8B4A-11D0-8D11-00A0C91BC942}") = "lab 4", "lab 4\lab 4.vcxproj", "{A1457342-4427-4D32-82A4-7FC67C8542EC}"
EndProject
Project("{8BC9CEB8-8B4A-11D0-8D11-00A0C91BC942}") = "Quiz", "Quiz\Quiz.vcxproj", "{6FCCEFA9-4C0F-4CD5-8A8A-7F589117D480}"
EndProject
Project("{8BC9CEB8-8B4A-11D0-8D11-00A0C91BC942}") = "lab 1", "lab 1\lab 1.vcxproj", "{5930D52B-7C09-4859-9893-2F8CCFDC4F50}"
EndProject
Project("{8BC9CEB8-8B4A-11D0-8D11-00A0C91BC942}") = "lab 2", "lab 2\lab 2.vcxproj", "{6482C9BB-6244-4B2E-8F3E-96D607C1EC38}"
EndProject
Project("{8BC9CEB8-8B4A-11D0-8D11-00A0C91BC942}") = "TestAVL", "TestAVL\TestAVL.vcxproj", "{97185584-E697-420E-A6A2-FE607901766F}"
EndProject
Project("{8BC9CEB8-8B4A-11D0-8D11-00A0C91BC942}") = "Quick2", "Quick2\Quick2.vcxproj", "{86946924-B898-48E0-93B9-02440BCC2F83}"
EndProject
Project("{8BC9CEB8-8B4A-11D0-8D11-00A0C91BC942}") = "Server", "Server\Server.vcxproj", "{B42F36FA-FB16-45FD-8E1B-0EBD0EB9AB62}"
EndProject
Project("{8BC9CEB8-8B4A-11D0-8D11-00A0C91BC942}") = "Client", "Client\Client.vcxproj", "{FA804446-FF1F-4E5B-99CA-F1CC26109054}"
EndProject
Project("{8BC9CEB8-8B4A-11D0-8D11-00A0C91BC942}") = "Project1", "Project1\Project1.vcxproj", "{9783CADC-5FBE-4D14-85C7-228C8374C0DA}"
EndProject
Project("{8BC9CEB8-8B4A-11D0-8D11-00A0C91BC942}") = "UML", "UML\UML.vcxproj", "{711B1B1C-F5C5-43FB-91F8-95C29BEFBCD8}"
EndProject
Global
	GlobalSection(SolutionConfigurationPlatforms) = preSolution
		Debug|x64 = Debug|x64
		Debug|x86 = Debug|x86
		Release|x64 = Release|x64
		Release|x86 = Release|x86
	EndGlobalSection
	GlobalSection(ProjectConfigurationPlatforms) = postSolution
		{A1457342-4427-4D32-82A4-7FC67C8542EC}.Debug|x64.ActiveCfg = Debug|x64
		{A1457342-4427-4D32-82A4-7FC67C8542EC}.Debug|x64.Build.0 = Debug|x64
		{A1457342-4427-4D32-82A4-7FC67C8542EC}.Debug|x86.ActiveCfg = Debug|Win32
		{A1457342-4427-4D32-82A4-7FC67C8542EC}.Debug|x86.Build.0 = Debug|Win32
		{A1457342-4427-4D32-82A4-7FC67C8542EC}.Release|x64.ActiveCfg = Release|x64
		{A1457342-4427-4D32-82A4-7FC67C8542EC}.Release|x64.Build.0 = Release|x64
		{A1457342-4427-4D32-82A4-7FC67C8542EC}.Release|x86.ActiveCfg = Release|Win32
		{A1457342-4427-4D32-82A4-7FC67C8542EC}.Release|x86.Build.0 = Release|Win32
		{6FCCEFA9-4C0F-4CD5-8A8A-7F589117D480}.Debug|x64.ActiveCfg = Debug|x64
		{6FCCEFA9-4C0F-4CD5-8A8A-7F589117D480}.Debug|x64.Build.0 = Debug|x64
		{6FCCEFA9-4C0F-4CD5-8A8A-7F589117D480}.Debug|x86.ActiveCfg = Debug|Win32
		{6FCCEFA9-4C0F-4CD5-8A8A-7F589117D480}.Debug|x86.Build.0 = Debug|Win32
		{6FCCEFA9-4C0F-4CD5-8A8A-7F589117D480}.Release|x64.ActiveCfg = Release|x64
		{6FCCEFA9-4C0F-4CD5-8A8A-7F589117D480}.Release|x64.Build.0 = Release|x64
		{6FCCEFA9-4C0F-4CD5-8A8A-7F589117D480}.Release|x86.ActiveCfg = Release|Win32
		{6FCCEFA9-4C0F-4CD5-8A8A-7F589117D480}.Release|x86.Build.0 = Release|Win32
		{5930D52B-7C09-4859-9893-2F8CCFDC4F50}.Debug|x64.ActiveCfg = Debug|x64
		{5930D52B-7C09-4859-9893-2F8CCFDC4F50}.Debug|x64.Build.0 = Debug|x64
		{5930D52B-7C09-4859-9893-2F8CCFDC4F50}.Debug|x86.ActiveCfg = Debug|Win32
		{5930D52B-7C09-4859-9893-2F8CCFDC4F50}.Debug|x86.Build.0 = Debug|Win32
		{5930D52B-7C09-4859-9893-2F8CCFDC4F50}.Release|x64.ActiveCfg = Release|x64
		{5930D52B-7C09-4859-9893-2F8CCFDC4F50}.Release|x64.Build.0 = Release|x64
		{5930D52B-7C09-4859-9893-2F8CCFDC4F50}.Release|x86.ActiveCfg = Release|Win32
		{5930D52B-7C09-4859-9893-2F8CCFDC4F50}.Release|x86.Build.0 = Release|Win32
		{6482C9BB-6244-4B2E-8F3E-96D607C1EC38}.Debug|x64.ActiveCfg = Debug|x64
		{6482C9BB-6244-4B2E-8F3E-96D607C1EC38}.Debug|x64.Build.0 = Debug|x64
		{6482C9BB-6244-4B2E-8F3E-96D607C1EC38}.Debug|x86.ActiveCfg = Debug|Win32
		{6482C9BB-6244-4B2E-8F3E-96D607C1EC38}.Debug|x86.Build.0 = Debug|Win32
		{6482C9BB-6244-4B2E-8F3E-96D607C1EC38}.Release|x64.ActiveCfg = Release|x64
		{6482C9BB-6244-4B2E-8F3E-96D607C1EC38}.Release|x64.Build.0 = Release|x64
		{6482C9BB-6244-4B2E-8F3E-96D607C1EC38}.Release|x86.ActiveCfg = Release|Win32
		{6482C9BB-6244-4B2E-8F3E-96D607C1EC38}.Release|x86.Build.0 = Release|Win32
		{97185584-E697-420E-A6A2-FE607901766F}.Debug|x64.ActiveCfg = Debug|x64
		{97185584-E697-420E-A6A2-FE607901766F}.Debug|x64.Build.0 = Debug|x64
		{97185584-E697-420E-A6A2-FE607901766F}.Debug|x86.ActiveCfg = Debug|Win32
		{97185584-E697-420E-A6A2-FE607901766F}.Debug|x86.Build.0 = Debug|Win32
		{97185584-E697-420E-A6A2-FE607901766F}.Release|x64.ActiveCfg = Release|x64
		{97185584-E697-420E-A6A2-FE607901766F}.Release|x64.Build.0 = Release|x64
		{97185584-E697-420E-A6A2-FE607901766F}.Release|x86.ActiveCfg = Release|Win32
		{97185584-E697-420E-A6A2-FE607901766F}.Release|x86.Build.0 = Release|Win32
		{86946924-B898-48E0-93B9-02440BCC2F83}.Debug|x64.ActiveCfg = Debug|x64
		{86946924-B898-48E0-93B9-02440BCC2F83}.Debug|x64.Build.0 = Debug|x64
		{86946924-B898-48E0-93B9-02440BCC2F83}.Debug|x86.ActiveCfg = Debug|Win32
		{86946924-B898-48E0-93B9-02440BCC2F83}.Debug|x86.Build.0 = Debug|Win32
		{86946924-B898-48E0-93B9-02440BCC2F83}.Release|x64.ActiveCfg = Release|x64
		{86946924-B898-48E0-93B9-02440BCC2F83}.Release|x64.Build.0 = Release|x64
		{86946924-B898-48E0-93B9-02440BCC2F83}.Release|x86.ActiveCfg = Release|Win32
		{86946924-B898-48E0-93B9-02440BCC2F83}.Release|x86.Build.0 = Release|Win32
		{B42F36FA-FB16-45FD-8E1B-0EBD0EB9AB62}.Debug|x64.ActiveCfg = Debug|x64
		{B42F36FA-FB16-45FD-8E1B-0EBD0EB9AB62}.Debug|x64.Build.0 = Debug|x64
		{B42F36FA-FB16-45FD-8E1B-0EBD0EB9AB62}.Debug|x86.ActiveCfg = Debug|Win32
		{B42F36FA-FB16-45FD-8E1B-0EBD0EB9AB62}.Debug|x86.Build.0 = Debug|Win32
		{B42F36FA-FB16-45FD-8E1B-0EBD0EB9AB62}.Release|x64.ActiveCfg = Release|x64
		{B42F36FA-FB16-45FD-8E1B-0EBD0EB9AB62}.Release|x64.Build.0 = Release|x64
		{B42F36FA-FB16-45FD-8E1B-0EBD0EB9AB62}.Release|x86.ActiveCfg = Release|Win32
		{B42F36FA-FB16-45FD-8E1B-0EBD0EB9AB62}.Release|x86.Build.0 = Release|Win32
		{FA804446-FF1F-4E5B-99CA-F1CC26109054}.Debug|x64.ActiveCfg = Debug|x64
		{FA804446-FF1F-4E5B-99CA-F1CC26109054}.Debug|x64.Build.0 = Debug|x64
		{FA804446-FF1F-4E5B-99CA-F1CC26109054}.Debug|x86.ActiveCfg = Debug|Win32
		{FA804446-FF1F-4E5B-99CA-F1CC26109054}.Debug|x86.Build.0 = Debug|Win32
		{FA804446-FF1F-4E5B-99CA-F1CC26109054}.Release|x64.ActiveCfg = Release|x64
		{FA804446-FF1F-4E5B-99CA-F1CC26109054}.Release|x64.Build.0 = Release|x64
		{FA804446-FF1F-4E5B-99CA-F1CC26109054}.Release|x86.ActiveCfg = Release|Win32
		{FA804446-FF1F-4E5B-99CA-F1CC26109054}.Release|x86.Build.0 = Release|Win32
		{9783CADC-5FBE-4D14-85C7-228C8374C0DA}.Debug|x64.ActiveCfg = Debug|x64
		{9783CADC-5FBE-4D14-85C7-228C8374C0DA}.Debug|x64.Build.0 = Debug|x64
		{9783CADC-5FBE-4D14-85C7-228C8374C0DA}.Debug|x86.ActiveCfg = Debug|Win32
		{9783CADC-5FBE-4D14-85C7-228C8374C0DA}.Debug|x86.Build.0 = Debug|Win32
		{9783CADC-5FBE-4D14-85C7-228C8374C0DA}.Release|x64.ActiveCfg = Release|x64
		{9783CADC-5FBE-4D14-85C7-228C8374C0DA}.Release|x64.Build.0 = Release|x64
		{9783CADC-5FBE-4D14-85C7-228C8374C0DA}.Release|x86.ActiveCfg = Release|Win32
		{9783CADC-5FBE-4D14-85C7-228C8374C0DA}.Release|x86.Build.0 = Release|Win32
		{711B1B1C-F5C5-43FB-91F8-95C29BEFBCD8}.Debug|x64.ActiveCfg = Debug|x64
		{711B1B1C-F5C5-43FB-91F8-95C29BEFBCD8}.Debug|x64.Build.0 = Debug|x64
		{711B1B1C-F5C5-43FB-91F8-95C29BEFBCD8}.Debug|x86.ActiveCfg = Debug|Win32
		{711B1B1C-F5C5-43FB-91F8-95C29BEFBCD8}.Debug|x86.Build.0 = Debug|Win32
		{711B1B1C-F5C5-43FB-91F8-95C29BEFBCD8}.Release|x64.ActiveCfg = Release|x64
		{711B1B1C-F5C5-43FB-91F8-95C29BEFBCD8}.Release|x64.Build.0 = Release|x64
		{711B1B1C-F5C5-43FB-91F8-95C29BEFBCD8}.Release|x86.ActiveCfg = Release|Win32
		{711B1B1C-F5C5-43FB-91F8-95C29BEFBCD8}.Release|x86.Build.0 = Release|Win32
	EndGlobalSection
	GlobalSection(SolutionProperties) = preSolution
		HideSolutionNode = FALSE
	EndGlobalSection
	GlobalSection(ExtensibilityGlobals) = postSolution
		SolutionGuid = {F1465760-D29D-4538-AC5B-F3398EBF41ED}
	EndGlobalSection
EndGlobal
