
Microsoft Visual Studio Solution File, Format Version 12.00
# Visual Studio Version 16
VisualStudioVersion = 16.0.31129.286
MinimumVisualStudioVersion = 10.0.40219.1
Project("{8BC9CEB8-8B4A-11D0-8D11-00A0C91BC942}") = "Game", "Game\Game.vcxproj", "{E612C0C3-C181-4B98-B671-1D20BB8A01EC}"
EndProject
Project("{8BC9CEB8-8B4A-11D0-8D11-00A0C91BC942}") = "Client", "Client\Client.vcxproj", "{459B6951-CD00-43CA-9437-4712EA733C5C}"
EndProject
Project("{8BC9CEB8-8B4A-11D0-8D11-00A0C91BC942}") = "Server", "Server\Server.vcxproj", "{2410E08A-8C40-4711-89A7-C1078AD87EC3}"
EndProject
Global
	GlobalSection(SolutionConfigurationPlatforms) = preSolution
		Debug|x64 = Debug|x64
		Debug|x86 = Debug|x86
		Release|x64 = Release|x64
		Release|x86 = Release|x86
	EndGlobalSection
	GlobalSection(ProjectConfigurationPlatforms) = postSolution
		{E612C0C3-C181-4B98-B671-1D20BB8A01EC}.Debug|x64.ActiveCfg = Debug|x64
		{E612C0C3-C181-4B98-B671-1D20BB8A01EC}.Debug|x64.Build.0 = Debug|x64
		{E612C0C3-C181-4B98-B671-1D20BB8A01EC}.Debug|x86.ActiveCfg = Debug|Win32
		{E612C0C3-C181-4B98-B671-1D20BB8A01EC}.Debug|x86.Build.0 = Debug|Win32
		{E612C0C3-C181-4B98-B671-1D20BB8A01EC}.Release|x64.ActiveCfg = Release|x64
		{E612C0C3-C181-4B98-B671-1D20BB8A01EC}.Release|x64.Build.0 = Release|x64
		{E612C0C3-C181-4B98-B671-1D20BB8A01EC}.Release|x86.ActiveCfg = Release|Win32
		{E612C0C3-C181-4B98-B671-1D20BB8A01EC}.Release|x86.Build.0 = Release|Win32
		{459B6951-CD00-43CA-9437-4712EA733C5C}.Debug|x64.ActiveCfg = Debug|x64
		{459B6951-CD00-43CA-9437-4712EA733C5C}.Debug|x64.Build.0 = Debug|x64
		{459B6951-CD00-43CA-9437-4712EA733C5C}.Debug|x86.ActiveCfg = Debug|Win32
		{459B6951-CD00-43CA-9437-4712EA733C5C}.Debug|x86.Build.0 = Debug|Win32
		{459B6951-CD00-43CA-9437-4712EA733C5C}.Release|x64.ActiveCfg = Release|x64
		{459B6951-CD00-43CA-9437-4712EA733C5C}.Release|x64.Build.0 = Release|x64
		{459B6951-CD00-43CA-9437-4712EA733C5C}.Release|x86.ActiveCfg = Release|Win32
		{459B6951-CD00-43CA-9437-4712EA733C5C}.Release|x86.Build.0 = Release|Win32
		{2410E08A-8C40-4711-89A7-C1078AD87EC3}.Debug|x64.ActiveCfg = Debug|x64
		{2410E08A-8C40-4711-89A7-C1078AD87EC3}.Debug|x64.Build.0 = Debug|x64
		{2410E08A-8C40-4711-89A7-C1078AD87EC3}.Debug|x86.ActiveCfg = Debug|Win32
		{2410E08A-8C40-4711-89A7-C1078AD87EC3}.Debug|x86.Build.0 = Debug|Win32
		{2410E08A-8C40-4711-89A7-C1078AD87EC3}.Release|x64.ActiveCfg = Release|x64
		{2410E08A-8C40-4711-89A7-C1078AD87EC3}.Release|x64.Build.0 = Release|x64
		{2410E08A-8C40-4711-89A7-C1078AD87EC3}.Release|x86.ActiveCfg = Release|Win32
		{2410E08A-8C40-4711-89A7-C1078AD87EC3}.Release|x86.Build.0 = Release|Win32
	EndGlobalSection
	GlobalSection(SolutionProperties) = preSolution
		HideSolutionNode = FALSE
	EndGlobalSection
	GlobalSection(ExtensibilityGlobals) = postSolution
		SolutionGuid = {BC712327-89AB-46AE-8929-EB2F2371724D}
	EndGlobalSection
EndGlobal
