
Microsoft Visual Studio Solution File, Format Version 12.00
# Visual Studio Version 16
VisualStudioVersion = 16.0.31129.286
MinimumVisualStudioVersion = 10.0.40219.1
Project("{8BC9CEB8-8B4A-11D0-8D11-00A0C91BC942}") = "testing", "testing\testing.vcxproj", "{44890567-621B-438C-BF80-7096B8F4E80B}"
EndProject
Project("{8BC9CEB8-8B4A-11D0-8D11-00A0C91BC942}") = "Use recursion likes for loop", "Use recursion likes for loop\Use recursion likes for loop.vcxproj", "{43A0BC38-9484-4113-A45E-8EB15DFC2378}"
EndProject
Project("{8BC9CEB8-8B4A-11D0-8D11-00A0C91BC942}") = "Lab", "Lab\Lab.vcxproj", "{54F78152-2EA4-490D-80E2-79D80C68D57A}"
EndProject
Global
	GlobalSection(SolutionConfigurationPlatforms) = preSolution
		Debug|x64 = Debug|x64
		Debug|x86 = Debug|x86
		Release|x64 = Release|x64
		Release|x86 = Release|x86
	EndGlobalSection
	GlobalSection(ProjectConfigurationPlatforms) = postSolution
		{44890567-621B-438C-BF80-7096B8F4E80B}.Debug|x64.ActiveCfg = Debug|x64
		{44890567-621B-438C-BF80-7096B8F4E80B}.Debug|x64.Build.0 = Debug|x64
		{44890567-621B-438C-BF80-7096B8F4E80B}.Debug|x86.ActiveCfg = Debug|Win32
		{44890567-621B-438C-BF80-7096B8F4E80B}.Debug|x86.Build.0 = Debug|Win32
		{44890567-621B-438C-BF80-7096B8F4E80B}.Release|x64.ActiveCfg = Release|x64
		{44890567-621B-438C-BF80-7096B8F4E80B}.Release|x64.Build.0 = Release|x64
		{44890567-621B-438C-BF80-7096B8F4E80B}.Release|x86.ActiveCfg = Release|Win32
		{44890567-621B-438C-BF80-7096B8F4E80B}.Release|x86.Build.0 = Release|Win32
		{43A0BC38-9484-4113-A45E-8EB15DFC2378}.Debug|x64.ActiveCfg = Debug|x64
		{43A0BC38-9484-4113-A45E-8EB15DFC2378}.Debug|x64.Build.0 = Debug|x64
		{43A0BC38-9484-4113-A45E-8EB15DFC2378}.Debug|x86.ActiveCfg = Debug|Win32
		{43A0BC38-9484-4113-A45E-8EB15DFC2378}.Debug|x86.Build.0 = Debug|Win32
		{43A0BC38-9484-4113-A45E-8EB15DFC2378}.Release|x64.ActiveCfg = Release|x64
		{43A0BC38-9484-4113-A45E-8EB15DFC2378}.Release|x64.Build.0 = Release|x64
		{43A0BC38-9484-4113-A45E-8EB15DFC2378}.Release|x86.ActiveCfg = Release|Win32
		{43A0BC38-9484-4113-A45E-8EB15DFC2378}.Release|x86.Build.0 = Release|Win32
		{54F78152-2EA4-490D-80E2-79D80C68D57A}.Debug|x64.ActiveCfg = Debug|x64
		{54F78152-2EA4-490D-80E2-79D80C68D57A}.Debug|x64.Build.0 = Debug|x64
		{54F78152-2EA4-490D-80E2-79D80C68D57A}.Debug|x86.ActiveCfg = Debug|Win32
		{54F78152-2EA4-490D-80E2-79D80C68D57A}.Debug|x86.Build.0 = Debug|Win32
		{54F78152-2EA4-490D-80E2-79D80C68D57A}.Release|x64.ActiveCfg = Release|x64
		{54F78152-2EA4-490D-80E2-79D80C68D57A}.Release|x64.Build.0 = Release|x64
		{54F78152-2EA4-490D-80E2-79D80C68D57A}.Release|x86.ActiveCfg = Release|Win32
		{54F78152-2EA4-490D-80E2-79D80C68D57A}.Release|x86.Build.0 = Release|Win32
	EndGlobalSection
	GlobalSection(SolutionProperties) = preSolution
		HideSolutionNode = FALSE
	EndGlobalSection
	GlobalSection(ExtensibilityGlobals) = postSolution
		SolutionGuid = {A008D497-DB00-49F9-8CA2-87918133EF7F}
	EndGlobalSection
EndGlobal
