
Microsoft Visual Studio Solution File, Format Version 12.00
# Visual Studio Version 16
VisualStudioVersion = 16.0.31129.286
MinimumVisualStudioVersion = 10.0.40219.1
Project("{8BC9CEB8-8B4A-11D0-8D11-00A0C91BC942}") = "Homework", "Homework\Homework.vcxproj", "{B716708B-49A3-43A5-AD39-C013C687C28C}"
EndProject
Project("{8BC9CEB8-8B4A-11D0-8D11-00A0C91BC942}") = "SORTING", "SORTING\SORTING.vcxproj", "{32213C98-9E64-4B51-9E81-C09DDC481EE6}"
EndProject
Project("{8BC9CEB8-8B4A-11D0-8D11-00A0C91BC942}") = "Readfile", "Readfile\Readfile.vcxproj", "{7191765F-0C27-4E73-8F00-7CB54CC77EFE}"
EndProject
Project("{8BC9CEB8-8B4A-11D0-8D11-00A0C91BC942}") = "Project Bai Tap doc File", "Project Bai Tap doc File\Project Bai Tap doc File.vcxproj", "{D4F67BFD-912B-471A-A47A-C7B73E5763C3}"
EndProject
Project("{8BC9CEB8-8B4A-11D0-8D11-00A0C91BC942}") = "Binary", "Binary\Binary.vcxproj", "{83B649EF-724E-4B14-92F2-C7864841F8D8}"
EndProject
Project("{8BC9CEB8-8B4A-11D0-8D11-00A0C91BC942}") = "Lab", "Lab\Lab.vcxproj", "{CA79D340-62D5-478B-BC28-D20982C01386}"
EndProject
Project("{8BC9CEB8-8B4A-11D0-8D11-00A0C91BC942}") = "DeQuy", "DeQuy\DeQuy.vcxproj", "{FB2D1BE3-F15A-4402-94C3-084906965FF5}"
EndProject
Project("{8BC9CEB8-8B4A-11D0-8D11-00A0C91BC942}") = "Pelidrome", "Pelidrome\Pelidrome.vcxproj", "{05A7B022-DDB1-4640-89DA-6688A6868634}"
EndProject
Project("{8BC9CEB8-8B4A-11D0-8D11-00A0C91BC942}") = "newTest", "newTest\newTest.vcxproj", "{991C196D-6732-4456-A398-9D958B24356D}"
EndProject
Project("{8BC9CEB8-8B4A-11D0-8D11-00A0C91BC942}") = "Delete Right", "Delete Right\Delete Right.vcxproj", "{09D7539B-BBBB-4366-A4CB-7F0C818619A9}"
EndProject
Project("{8BC9CEB8-8B4A-11D0-8D11-00A0C91BC942}") = "hackerrank", "hackerrank\hackerrank.vcxproj", "{A52779D6-D1D4-4A65-8389-EF4D8F66C9F8}"
EndProject
Project("{8BC9CEB8-8B4A-11D0-8D11-00A0C91BC942}") = "Quiz", "Quiz\Quiz.vcxproj", "{CF268D73-D211-48B5-B795-CFAED30AFBBD}"
EndProject
Project("{8BC9CEB8-8B4A-11D0-8D11-00A0C91BC942}") = "Prime", "Prime\Prime.vcxproj", "{5716A551-62E1-4051-A78D-1451F8380EBC}"
EndProject
Project("{8BC9CEB8-8B4A-11D0-8D11-00A0C91BC942}") = "Quiz000", "Quiz000\Quiz000.vcxproj", "{6CD57AA5-4073-4532-AD1C-0E0F7D25EBEF}"
EndProject
Project("{8BC9CEB8-8B4A-11D0-8D11-00A0C91BC942}") = "Quiz1", "Quiz1\Quiz1.vcxproj", "{8275B9D0-4BBD-42D2-9A5B-5AAC759D7A2F}"
EndProject
Global
	GlobalSection(SolutionConfigurationPlatforms) = preSolution
		Debug|x64 = Debug|x64
		Debug|x86 = Debug|x86
		Release|x64 = Release|x64
		Release|x86 = Release|x86
	EndGlobalSection
	GlobalSection(ProjectConfigurationPlatforms) = postSolution
		{B716708B-49A3-43A5-AD39-C013C687C28C}.Debug|x64.ActiveCfg = Debug|x64
		{B716708B-49A3-43A5-AD39-C013C687C28C}.Debug|x64.Build.0 = Debug|x64
		{B716708B-49A3-43A5-AD39-C013C687C28C}.Debug|x86.ActiveCfg = Debug|Win32
		{B716708B-49A3-43A5-AD39-C013C687C28C}.Debug|x86.Build.0 = Debug|Win32
		{B716708B-49A3-43A5-AD39-C013C687C28C}.Release|x64.ActiveCfg = Release|x64
		{B716708B-49A3-43A5-AD39-C013C687C28C}.Release|x64.Build.0 = Release|x64
		{B716708B-49A3-43A5-AD39-C013C687C28C}.Release|x86.ActiveCfg = Release|Win32
		{B716708B-49A3-43A5-AD39-C013C687C28C}.Release|x86.Build.0 = Release|Win32
		{32213C98-9E64-4B51-9E81-C09DDC481EE6}.Debug|x64.ActiveCfg = Debug|x64
		{32213C98-9E64-4B51-9E81-C09DDC481EE6}.Debug|x64.Build.0 = Debug|x64
		{32213C98-9E64-4B51-9E81-C09DDC481EE6}.Debug|x86.ActiveCfg = Debug|Win32
		{32213C98-9E64-4B51-9E81-C09DDC481EE6}.Debug|x86.Build.0 = Debug|Win32
		{32213C98-9E64-4B51-9E81-C09DDC481EE6}.Release|x64.ActiveCfg = Release|x64
		{32213C98-9E64-4B51-9E81-C09DDC481EE6}.Release|x64.Build.0 = Release|x64
		{32213C98-9E64-4B51-9E81-C09DDC481EE6}.Release|x86.ActiveCfg = Release|Win32
		{32213C98-9E64-4B51-9E81-C09DDC481EE6}.Release|x86.Build.0 = Release|Win32
		{7191765F-0C27-4E73-8F00-7CB54CC77EFE}.Debug|x64.ActiveCfg = Debug|x64
		{7191765F-0C27-4E73-8F00-7CB54CC77EFE}.Debug|x64.Build.0 = Debug|x64
		{7191765F-0C27-4E73-8F00-7CB54CC77EFE}.Debug|x86.ActiveCfg = Debug|Win32
		{7191765F-0C27-4E73-8F00-7CB54CC77EFE}.Debug|x86.Build.0 = Debug|Win32
		{7191765F-0C27-4E73-8F00-7CB54CC77EFE}.Release|x64.ActiveCfg = Release|x64
		{7191765F-0C27-4E73-8F00-7CB54CC77EFE}.Release|x64.Build.0 = Release|x64
		{7191765F-0C27-4E73-8F00-7CB54CC77EFE}.Release|x86.ActiveCfg = Release|Win32
		{7191765F-0C27-4E73-8F00-7CB54CC77EFE}.Release|x86.Build.0 = Release|Win32
		{D4F67BFD-912B-471A-A47A-C7B73E5763C3}.Debug|x64.ActiveCfg = Debug|x64
		{D4F67BFD-912B-471A-A47A-C7B73E5763C3}.Debug|x64.Build.0 = Debug|x64
		{D4F67BFD-912B-471A-A47A-C7B73E5763C3}.Debug|x86.ActiveCfg = Debug|Win32
		{D4F67BFD-912B-471A-A47A-C7B73E5763C3}.Debug|x86.Build.0 = Debug|Win32
		{D4F67BFD-912B-471A-A47A-C7B73E5763C3}.Release|x64.ActiveCfg = Release|x64
		{D4F67BFD-912B-471A-A47A-C7B73E5763C3}.Release|x64.Build.0 = Release|x64
		{D4F67BFD-912B-471A-A47A-C7B73E5763C3}.Release|x86.ActiveCfg = Release|Win32
		{D4F67BFD-912B-471A-A47A-C7B73E5763C3}.Release|x86.Build.0 = Release|Win32
		{83B649EF-724E-4B14-92F2-C7864841F8D8}.Debug|x64.ActiveCfg = Debug|x64
		{83B649EF-724E-4B14-92F2-C7864841F8D8}.Debug|x64.Build.0 = Debug|x64
		{83B649EF-724E-4B14-92F2-C7864841F8D8}.Debug|x86.ActiveCfg = Debug|Win32
		{83B649EF-724E-4B14-92F2-C7864841F8D8}.Debug|x86.Build.0 = Debug|Win32
		{83B649EF-724E-4B14-92F2-C7864841F8D8}.Release|x64.ActiveCfg = Release|x64
		{83B649EF-724E-4B14-92F2-C7864841F8D8}.Release|x64.Build.0 = Release|x64
		{83B649EF-724E-4B14-92F2-C7864841F8D8}.Release|x86.ActiveCfg = Release|Win32
		{83B649EF-724E-4B14-92F2-C7864841F8D8}.Release|x86.Build.0 = Release|Win32
		{CA79D340-62D5-478B-BC28-D20982C01386}.Debug|x64.ActiveCfg = Debug|x64
		{CA79D340-62D5-478B-BC28-D20982C01386}.Debug|x64.Build.0 = Debug|x64
		{CA79D340-62D5-478B-BC28-D20982C01386}.Debug|x86.ActiveCfg = Debug|Win32
		{CA79D340-62D5-478B-BC28-D20982C01386}.Debug|x86.Build.0 = Debug|Win32
		{CA79D340-62D5-478B-BC28-D20982C01386}.Release|x64.ActiveCfg = Release|x64
		{CA79D340-62D5-478B-BC28-D20982C01386}.Release|x64.Build.0 = Release|x64
		{CA79D340-62D5-478B-BC28-D20982C01386}.Release|x86.ActiveCfg = Release|Win32
		{CA79D340-62D5-478B-BC28-D20982C01386}.Release|x86.Build.0 = Release|Win32
		{FB2D1BE3-F15A-4402-94C3-084906965FF5}.Debug|x64.ActiveCfg = Debug|x64
		{FB2D1BE3-F15A-4402-94C3-084906965FF5}.Debug|x64.Build.0 = Debug|x64
		{FB2D1BE3-F15A-4402-94C3-084906965FF5}.Debug|x86.ActiveCfg = Debug|Win32
		{FB2D1BE3-F15A-4402-94C3-084906965FF5}.Debug|x86.Build.0 = Debug|Win32
		{FB2D1BE3-F15A-4402-94C3-084906965FF5}.Release|x64.ActiveCfg = Release|x64
		{FB2D1BE3-F15A-4402-94C3-084906965FF5}.Release|x64.Build.0 = Release|x64
		{FB2D1BE3-F15A-4402-94C3-084906965FF5}.Release|x86.ActiveCfg = Release|Win32
		{FB2D1BE3-F15A-4402-94C3-084906965FF5}.Release|x86.Build.0 = Release|Win32
		{05A7B022-DDB1-4640-89DA-6688A6868634}.Debug|x64.ActiveCfg = Debug|x64
		{05A7B022-DDB1-4640-89DA-6688A6868634}.Debug|x64.Build.0 = Debug|x64
		{05A7B022-DDB1-4640-89DA-6688A6868634}.Debug|x86.ActiveCfg = Debug|Win32
		{05A7B022-DDB1-4640-89DA-6688A6868634}.Debug|x86.Build.0 = Debug|Win32
		{05A7B022-DDB1-4640-89DA-6688A6868634}.Release|x64.ActiveCfg = Release|x64
		{05A7B022-DDB1-4640-89DA-6688A6868634}.Release|x64.Build.0 = Release|x64
		{05A7B022-DDB1-4640-89DA-6688A6868634}.Release|x86.ActiveCfg = Release|Win32
		{05A7B022-DDB1-4640-89DA-6688A6868634}.Release|x86.Build.0 = Release|Win32
		{991C196D-6732-4456-A398-9D958B24356D}.Debug|x64.ActiveCfg = Debug|x64
		{991C196D-6732-4456-A398-9D958B24356D}.Debug|x64.Build.0 = Debug|x64
		{991C196D-6732-4456-A398-9D958B24356D}.Debug|x86.ActiveCfg = Debug|Win32
		{991C196D-6732-4456-A398-9D958B24356D}.Debug|x86.Build.0 = Debug|Win32
		{991C196D-6732-4456-A398-9D958B24356D}.Release|x64.ActiveCfg = Release|x64
		{991C196D-6732-4456-A398-9D958B24356D}.Release|x64.Build.0 = Release|x64
		{991C196D-6732-4456-A398-9D958B24356D}.Release|x86.ActiveCfg = Release|Win32
		{991C196D-6732-4456-A398-9D958B24356D}.Release|x86.Build.0 = Release|Win32
		{09D7539B-BBBB-4366-A4CB-7F0C818619A9}.Debug|x64.ActiveCfg = Debug|x64
		{09D7539B-BBBB-4366-A4CB-7F0C818619A9}.Debug|x64.Build.0 = Debug|x64
		{09D7539B-BBBB-4366-A4CB-7F0C818619A9}.Debug|x86.ActiveCfg = Debug|Win32
		{09D7539B-BBBB-4366-A4CB-7F0C818619A9}.Debug|x86.Build.0 = Debug|Win32
		{09D7539B-BBBB-4366-A4CB-7F0C818619A9}.Release|x64.ActiveCfg = Release|x64
		{09D7539B-BBBB-4366-A4CB-7F0C818619A9}.Release|x64.Build.0 = Release|x64
		{09D7539B-BBBB-4366-A4CB-7F0C818619A9}.Release|x86.ActiveCfg = Release|Win32
		{09D7539B-BBBB-4366-A4CB-7F0C818619A9}.Release|x86.Build.0 = Release|Win32
		{A52779D6-D1D4-4A65-8389-EF4D8F66C9F8}.Debug|x64.ActiveCfg = Debug|x64
		{A52779D6-D1D4-4A65-8389-EF4D8F66C9F8}.Debug|x64.Build.0 = Debug|x64
		{A52779D6-D1D4-4A65-8389-EF4D8F66C9F8}.Debug|x86.ActiveCfg = Debug|Win32
		{A52779D6-D1D4-4A65-8389-EF4D8F66C9F8}.Debug|x86.Build.0 = Debug|Win32
		{A52779D6-D1D4-4A65-8389-EF4D8F66C9F8}.Release|x64.ActiveCfg = Release|x64
		{A52779D6-D1D4-4A65-8389-EF4D8F66C9F8}.Release|x64.Build.0 = Release|x64
		{A52779D6-D1D4-4A65-8389-EF4D8F66C9F8}.Release|x86.ActiveCfg = Release|Win32
		{A52779D6-D1D4-4A65-8389-EF4D8F66C9F8}.Release|x86.Build.0 = Release|Win32
		{CF268D73-D211-48B5-B795-CFAED30AFBBD}.Debug|x64.ActiveCfg = Debug|x64
		{CF268D73-D211-48B5-B795-CFAED30AFBBD}.Debug|x64.Build.0 = Debug|x64
		{CF268D73-D211-48B5-B795-CFAED30AFBBD}.Debug|x86.ActiveCfg = Debug|Win32
		{CF268D73-D211-48B5-B795-CFAED30AFBBD}.Debug|x86.Build.0 = Debug|Win32
		{CF268D73-D211-48B5-B795-CFAED30AFBBD}.Release|x64.ActiveCfg = Release|x64
		{CF268D73-D211-48B5-B795-CFAED30AFBBD}.Release|x64.Build.0 = Release|x64
		{CF268D73-D211-48B5-B795-CFAED30AFBBD}.Release|x86.ActiveCfg = Release|Win32
		{CF268D73-D211-48B5-B795-CFAED30AFBBD}.Release|x86.Build.0 = Release|Win32
		{5716A551-62E1-4051-A78D-1451F8380EBC}.Debug|x64.ActiveCfg = Debug|x64
		{5716A551-62E1-4051-A78D-1451F8380EBC}.Debug|x64.Build.0 = Debug|x64
		{5716A551-62E1-4051-A78D-1451F8380EBC}.Debug|x86.ActiveCfg = Debug|Win32
		{5716A551-62E1-4051-A78D-1451F8380EBC}.Debug|x86.Build.0 = Debug|Win32
		{5716A551-62E1-4051-A78D-1451F8380EBC}.Release|x64.ActiveCfg = Release|x64
		{5716A551-62E1-4051-A78D-1451F8380EBC}.Release|x64.Build.0 = Release|x64
		{5716A551-62E1-4051-A78D-1451F8380EBC}.Release|x86.ActiveCfg = Release|Win32
		{5716A551-62E1-4051-A78D-1451F8380EBC}.Release|x86.Build.0 = Release|Win32
		{6CD57AA5-4073-4532-AD1C-0E0F7D25EBEF}.Debug|x64.ActiveCfg = Debug|x64
		{6CD57AA5-4073-4532-AD1C-0E0F7D25EBEF}.Debug|x64.Build.0 = Debug|x64
		{6CD57AA5-4073-4532-AD1C-0E0F7D25EBEF}.Debug|x86.ActiveCfg = Debug|Win32
		{6CD57AA5-4073-4532-AD1C-0E0F7D25EBEF}.Debug|x86.Build.0 = Debug|Win32
		{6CD57AA5-4073-4532-AD1C-0E0F7D25EBEF}.Release|x64.ActiveCfg = Release|x64
		{6CD57AA5-4073-4532-AD1C-0E0F7D25EBEF}.Release|x64.Build.0 = Release|x64
		{6CD57AA5-4073-4532-AD1C-0E0F7D25EBEF}.Release|x86.ActiveCfg = Release|Win32
		{6CD57AA5-4073-4532-AD1C-0E0F7D25EBEF}.Release|x86.Build.0 = Release|Win32
		{8275B9D0-4BBD-42D2-9A5B-5AAC759D7A2F}.Debug|x64.ActiveCfg = Debug|x64
		{8275B9D0-4BBD-42D2-9A5B-5AAC759D7A2F}.Debug|x64.Build.0 = Debug|x64
		{8275B9D0-4BBD-42D2-9A5B-5AAC759D7A2F}.Debug|x86.ActiveCfg = Debug|Win32
		{8275B9D0-4BBD-42D2-9A5B-5AAC759D7A2F}.Debug|x86.Build.0 = Debug|Win32
		{8275B9D0-4BBD-42D2-9A5B-5AAC759D7A2F}.Release|x64.ActiveCfg = Release|x64
		{8275B9D0-4BBD-42D2-9A5B-5AAC759D7A2F}.Release|x64.Build.0 = Release|x64
		{8275B9D0-4BBD-42D2-9A5B-5AAC759D7A2F}.Release|x86.ActiveCfg = Release|Win32
		{8275B9D0-4BBD-42D2-9A5B-5AAC759D7A2F}.Release|x86.Build.0 = Release|Win32
	EndGlobalSection
	GlobalSection(SolutionProperties) = preSolution
		HideSolutionNode = FALSE
	EndGlobalSection
	GlobalSection(ExtensibilityGlobals) = postSolution
		SolutionGuid = {AB4B25F4-A9F7-4CF3-BDC6-3F42184AE16A}
	EndGlobalSection
EndGlobal
