
Microsoft Visual Studio Solution File, Format Version 12.00
# Visual Studio Version 16
VisualStudioVersion = 16.0.31129.286
MinimumVisualStudioVersion = 10.0.40219.1
Project("{8BC9CEB8-8B4A-11D0-8D11-00A0C91BC942}") = "Lab1", "Lab1\Lab1.vcxproj", "{DB707EC1-912E-4F81-9233-072EFE0BABFC}"
EndProject
Project("{8BC9CEB8-8B4A-11D0-8D11-00A0C91BC942}") = "Lab2", "Lab2\Lab2.vcxproj", "{30123AE3-567D-4A5D-AA47-2B3106F365BA}"
EndProject
Project("{8BC9CEB8-8B4A-11D0-8D11-00A0C91BC942}") = "Lab3", "Lab3\Lab3.vcxproj", "{BA7860E9-69F9-4516-8F98-C5A6DC2745E6}"
EndProject
Project("{8BC9CEB8-8B4A-11D0-8D11-00A0C91BC942}") = "Lab4", "Lab4\Lab4.vcxproj", "{08086736-ADA6-482B-9801-046BA387C22A}"
EndProject
Project("{8BC9CEB8-8B4A-11D0-8D11-00A0C91BC942}") = "Lab5", "Lab5\Lab5.vcxproj", "{91E56BCC-9207-40CC-8836-732531AB7F36}"
EndProject
Project("{8BC9CEB8-8B4A-11D0-8D11-00A0C91BC942}") = "Lab5-B", "Lab5-B\Lab5-B.vcxproj", "{FFE78D20-1412-4AD4-B82C-CB7CA6ABAB18}"
EndProject
Project("{8BC9CEB8-8B4A-11D0-8D11-00A0C91BC942}") = "OOP", "OOP\OOP.vcxproj", "{6EBC7818-8375-42D9-8BA0-D8A2E9233894}"
EndProject
Project("{8BC9CEB8-8B4A-11D0-8D11-00A0C91BC942}") = "Project OOP", "Project OOP\Project OOP.vcxproj", "{9DEEF862-A7DA-458C-A045-5B918A019F79}"
EndProject
Project("{8BC9CEB8-8B4A-11D0-8D11-00A0C91BC942}") = "Lab7-A", "Lab7-A\Lab7-A.vcxproj", "{164935CC-8F3B-43DF-88A3-34471569D10A}"
EndProject
Project("{8BC9CEB8-8B4A-11D0-8D11-00A0C91BC942}") = "Lab7-B", "Lab7-B\Lab7-B.vcxproj", "{DAB26590-F82F-4851-AB55-F3D8087CC6D9}"
EndProject
Project("{8BC9CEB8-8B4A-11D0-8D11-00A0C91BC942}") = "Lab7-C", "Lab7-C\Lab7-C.vcxproj", "{4FE435AC-9D9D-46A3-90E4-E280057D08A8}"
EndProject
Project("{8BC9CEB8-8B4A-11D0-8D11-00A0C91BC942}") = "Lab7-D", "Lab7-D\Lab7-D.vcxproj", "{955EDCD9-84E8-4FF8-9431-310B60722E6F}"
EndProject
Project("{8BC9CEB8-8B4A-11D0-8D11-00A0C91BC942}") = "Lab7-E", "Lab7-E\Lab7-E.vcxproj", "{44AFFBE0-2AC1-4FE4-907F-79F89041B908}"
EndProject
Project("{8BC9CEB8-8B4A-11D0-8D11-00A0C91BC942}") = "Lab8-A", "Lab8-A\Lab8-A.vcxproj", "{85C5C1F2-1781-44BD-9930-51726BCC5160}"
EndProject
Project("{8BC9CEB8-8B4A-11D0-8D11-00A0C91BC942}") = "Lab8-B", "Lab8-B\Lab8-B.vcxproj", "{C8D22D98-CB2B-431E-8E5C-5C1652569802}"
EndProject
Project("{8BC9CEB8-8B4A-11D0-8D11-00A0C91BC942}") = "Lab9-A", "Lab9-A\Lab9-A.vcxproj", "{B0F9CCD4-2A43-496E-8B79-AD4A85E79B71}"
EndProject
Project("{8BC9CEB8-8B4A-11D0-8D11-00A0C91BC942}") = "Lab9-B", "Lab9-B\Lab9-B.vcxproj", "{46EEAFE1-A027-495B-8467-FD26D572D9E0}"
EndProject
Project("{8BC9CEB8-8B4A-11D0-8D11-00A0C91BC942}") = "Lab9-C", "Lab9-C\Lab9-C.vcxproj", "{454CD0EB-2CE9-4A8C-8C76-8AE80B4A9400}"
EndProject
Project("{8BC9CEB8-8B4A-11D0-8D11-00A0C91BC942}") = "Lab9-D", "Lab9-D\Lab9-D.vcxproj", "{8D570CD4-7363-4029-8F72-A10679BA4244}"
EndProject
Project("{8BC9CEB8-8B4A-11D0-8D11-00A0C91BC942}") = "Test", "Test\Test.vcxproj", "{0EE24123-1CAD-4798-999E-B87F8D3C2A82}"
EndProject
Project("{8BC9CEB8-8B4A-11D0-8D11-00A0C91BC942}") = "Test2", "Test2\Test2.vcxproj", "{19145E5D-E1A5-435B-993D-ECFD927A153F}"
EndProject
Project("{8BC9CEB8-8B4A-11D0-8D11-00A0C91BC942}") = "Test3", "Test3\Test3.vcxproj", "{FA099D31-2B3C-4B9E-B1D4-EC13F3044361}"
EndProject
Project("{8BC9CEB8-8B4A-11D0-8D11-00A0C91BC942}") = "Bai1", "Bai1\Bai1.vcxproj", "{6C4A6E7F-6F9A-43B9-AB71-8B8E1F5AF0CA}"
EndProject
Project("{8BC9CEB8-8B4A-11D0-8D11-00A0C91BC942}") = "Bai2", "Bai2\Bai2.vcxproj", "{49B01D6F-C7F3-446A-8B6F-DC78EB9FF0E8}"
EndProject
Global
	GlobalSection(SolutionConfigurationPlatforms) = preSolution
		Debug|x64 = Debug|x64
		Debug|x86 = Debug|x86
		Release|x64 = Release|x64
		Release|x86 = Release|x86
	EndGlobalSection
	GlobalSection(ProjectConfigurationPlatforms) = postSolution
		{DB707EC1-912E-4F81-9233-072EFE0BABFC}.Debug|x64.ActiveCfg = Debug|x64
		{DB707EC1-912E-4F81-9233-072EFE0BABFC}.Debug|x64.Build.0 = Debug|x64
		{DB707EC1-912E-4F81-9233-072EFE0BABFC}.Debug|x86.ActiveCfg = Debug|Win32
		{DB707EC1-912E-4F81-9233-072EFE0BABFC}.Debug|x86.Build.0 = Debug|Win32
		{DB707EC1-912E-4F81-9233-072EFE0BABFC}.Release|x64.ActiveCfg = Release|x64
		{DB707EC1-912E-4F81-9233-072EFE0BABFC}.Release|x64.Build.0 = Release|x64
		{DB707EC1-912E-4F81-9233-072EFE0BABFC}.Release|x86.ActiveCfg = Release|Win32
		{DB707EC1-912E-4F81-9233-072EFE0BABFC}.Release|x86.Build.0 = Release|Win32
		{30123AE3-567D-4A5D-AA47-2B3106F365BA}.Debug|x64.ActiveCfg = Debug|x64
		{30123AE3-567D-4A5D-AA47-2B3106F365BA}.Debug|x64.Build.0 = Debug|x64
		{30123AE3-567D-4A5D-AA47-2B3106F365BA}.Debug|x86.ActiveCfg = Debug|Win32
		{30123AE3-567D-4A5D-AA47-2B3106F365BA}.Debug|x86.Build.0 = Debug|Win32
		{30123AE3-567D-4A5D-AA47-2B3106F365BA}.Release|x64.ActiveCfg = Release|x64
		{30123AE3-567D-4A5D-AA47-2B3106F365BA}.Release|x64.Build.0 = Release|x64
		{30123AE3-567D-4A5D-AA47-2B3106F365BA}.Release|x86.ActiveCfg = Release|Win32
		{30123AE3-567D-4A5D-AA47-2B3106F365BA}.Release|x86.Build.0 = Release|Win32
		{BA7860E9-69F9-4516-8F98-C5A6DC2745E6}.Debug|x64.ActiveCfg = Debug|x64
		{BA7860E9-69F9-4516-8F98-C5A6DC2745E6}.Debug|x64.Build.0 = Debug|x64
		{BA7860E9-69F9-4516-8F98-C5A6DC2745E6}.Debug|x86.ActiveCfg = Debug|Win32
		{BA7860E9-69F9-4516-8F98-C5A6DC2745E6}.Debug|x86.Build.0 = Debug|Win32
		{BA7860E9-69F9-4516-8F98-C5A6DC2745E6}.Release|x64.ActiveCfg = Release|x64
		{BA7860E9-69F9-4516-8F98-C5A6DC2745E6}.Release|x64.Build.0 = Release|x64
		{BA7860E9-69F9-4516-8F98-C5A6DC2745E6}.Release|x86.ActiveCfg = Release|Win32
		{BA7860E9-69F9-4516-8F98-C5A6DC2745E6}.Release|x86.Build.0 = Release|Win32
		{08086736-ADA6-482B-9801-046BA387C22A}.Debug|x64.ActiveCfg = Debug|x64
		{08086736-ADA6-482B-9801-046BA387C22A}.Debug|x64.Build.0 = Debug|x64
		{08086736-ADA6-482B-9801-046BA387C22A}.Debug|x86.ActiveCfg = Debug|Win32
		{08086736-ADA6-482B-9801-046BA387C22A}.Debug|x86.Build.0 = Debug|Win32
		{08086736-ADA6-482B-9801-046BA387C22A}.Release|x64.ActiveCfg = Release|x64
		{08086736-ADA6-482B-9801-046BA387C22A}.Release|x64.Build.0 = Release|x64
		{08086736-ADA6-482B-9801-046BA387C22A}.Release|x86.ActiveCfg = Release|Win32
		{08086736-ADA6-482B-9801-046BA387C22A}.Release|x86.Build.0 = Release|Win32
		{91E56BCC-9207-40CC-8836-732531AB7F36}.Debug|x64.ActiveCfg = Debug|x64
		{91E56BCC-9207-40CC-8836-732531AB7F36}.Debug|x64.Build.0 = Debug|x64
		{91E56BCC-9207-40CC-8836-732531AB7F36}.Debug|x86.ActiveCfg = Debug|Win32
		{91E56BCC-9207-40CC-8836-732531AB7F36}.Debug|x86.Build.0 = Debug|Win32
		{91E56BCC-9207-40CC-8836-732531AB7F36}.Release|x64.ActiveCfg = Release|x64
		{91E56BCC-9207-40CC-8836-732531AB7F36}.Release|x64.Build.0 = Release|x64
		{91E56BCC-9207-40CC-8836-732531AB7F36}.Release|x86.ActiveCfg = Release|Win32
		{91E56BCC-9207-40CC-8836-732531AB7F36}.Release|x86.Build.0 = Release|Win32
		{FFE78D20-1412-4AD4-B82C-CB7CA6ABAB18}.Debug|x64.ActiveCfg = Debug|x64
		{FFE78D20-1412-4AD4-B82C-CB7CA6ABAB18}.Debug|x64.Build.0 = Debug|x64
		{FFE78D20-1412-4AD4-B82C-CB7CA6ABAB18}.Debug|x86.ActiveCfg = Debug|Win32
		{FFE78D20-1412-4AD4-B82C-CB7CA6ABAB18}.Debug|x86.Build.0 = Debug|Win32
		{FFE78D20-1412-4AD4-B82C-CB7CA6ABAB18}.Release|x64.ActiveCfg = Release|x64
		{FFE78D20-1412-4AD4-B82C-CB7CA6ABAB18}.Release|x64.Build.0 = Release|x64
		{FFE78D20-1412-4AD4-B82C-CB7CA6ABAB18}.Release|x86.ActiveCfg = Release|Win32
		{FFE78D20-1412-4AD4-B82C-CB7CA6ABAB18}.Release|x86.Build.0 = Release|Win32
		{6EBC7818-8375-42D9-8BA0-D8A2E9233894}.Debug|x64.ActiveCfg = Debug|x64
		{6EBC7818-8375-42D9-8BA0-D8A2E9233894}.Debug|x64.Build.0 = Debug|x64
		{6EBC7818-8375-42D9-8BA0-D8A2E9233894}.Debug|x86.ActiveCfg = Debug|Win32
		{6EBC7818-8375-42D9-8BA0-D8A2E9233894}.Debug|x86.Build.0 = Debug|Win32
		{6EBC7818-8375-42D9-8BA0-D8A2E9233894}.Release|x64.ActiveCfg = Release|x64
		{6EBC7818-8375-42D9-8BA0-D8A2E9233894}.Release|x64.Build.0 = Release|x64
		{6EBC7818-8375-42D9-8BA0-D8A2E9233894}.Release|x86.ActiveCfg = Release|Win32
		{6EBC7818-8375-42D9-8BA0-D8A2E9233894}.Release|x86.Build.0 = Release|Win32
		{9DEEF862-A7DA-458C-A045-5B918A019F79}.Debug|x64.ActiveCfg = Debug|x64
		{9DEEF862-A7DA-458C-A045-5B918A019F79}.Debug|x64.Build.0 = Debug|x64
		{9DEEF862-A7DA-458C-A045-5B918A019F79}.Debug|x86.ActiveCfg = Debug|Win32
		{9DEEF862-A7DA-458C-A045-5B918A019F79}.Debug|x86.Build.0 = Debug|Win32
		{9DEEF862-A7DA-458C-A045-5B918A019F79}.Release|x64.ActiveCfg = Release|x64
		{9DEEF862-A7DA-458C-A045-5B918A019F79}.Release|x64.Build.0 = Release|x64
		{9DEEF862-A7DA-458C-A045-5B918A019F79}.Release|x86.ActiveCfg = Release|Win32
		{9DEEF862-A7DA-458C-A045-5B918A019F79}.Release|x86.Build.0 = Release|Win32
		{164935CC-8F3B-43DF-88A3-34471569D10A}.Debug|x64.ActiveCfg = Debug|x64
		{164935CC-8F3B-43DF-88A3-34471569D10A}.Debug|x64.Build.0 = Debug|x64
		{164935CC-8F3B-43DF-88A3-34471569D10A}.Debug|x86.ActiveCfg = Debug|Win32
		{164935CC-8F3B-43DF-88A3-34471569D10A}.Debug|x86.Build.0 = Debug|Win32
		{164935CC-8F3B-43DF-88A3-34471569D10A}.Release|x64.ActiveCfg = Release|x64
		{164935CC-8F3B-43DF-88A3-34471569D10A}.Release|x64.Build.0 = Release|x64
		{164935CC-8F3B-43DF-88A3-34471569D10A}.Release|x86.ActiveCfg = Release|Win32
		{164935CC-8F3B-43DF-88A3-34471569D10A}.Release|x86.Build.0 = Release|Win32
		{DAB26590-F82F-4851-AB55-F3D8087CC6D9}.Debug|x64.ActiveCfg = Debug|x64
		{DAB26590-F82F-4851-AB55-F3D8087CC6D9}.Debug|x64.Build.0 = Debug|x64
		{DAB26590-F82F-4851-AB55-F3D8087CC6D9}.Debug|x86.ActiveCfg = Debug|Win32
		{DAB26590-F82F-4851-AB55-F3D8087CC6D9}.Debug|x86.Build.0 = Debug|Win32
		{DAB26590-F82F-4851-AB55-F3D8087CC6D9}.Release|x64.ActiveCfg = Release|x64
		{DAB26590-F82F-4851-AB55-F3D8087CC6D9}.Release|x64.Build.0 = Release|x64
		{DAB26590-F82F-4851-AB55-F3D8087CC6D9}.Release|x86.ActiveCfg = Release|Win32
		{DAB26590-F82F-4851-AB55-F3D8087CC6D9}.Release|x86.Build.0 = Release|Win32
		{4FE435AC-9D9D-46A3-90E4-E280057D08A8}.Debug|x64.ActiveCfg = Debug|x64
		{4FE435AC-9D9D-46A3-90E4-E280057D08A8}.Debug|x64.Build.0 = Debug|x64
		{4FE435AC-9D9D-46A3-90E4-E280057D08A8}.Debug|x86.ActiveCfg = Debug|Win32
		{4FE435AC-9D9D-46A3-90E4-E280057D08A8}.Debug|x86.Build.0 = Debug|Win32
		{4FE435AC-9D9D-46A3-90E4-E280057D08A8}.Release|x64.ActiveCfg = Release|x64
		{4FE435AC-9D9D-46A3-90E4-E280057D08A8}.Release|x64.Build.0 = Release|x64
		{4FE435AC-9D9D-46A3-90E4-E280057D08A8}.Release|x86.ActiveCfg = Release|Win32
		{4FE435AC-9D9D-46A3-90E4-E280057D08A8}.Release|x86.Build.0 = Release|Win32
		{955EDCD9-84E8-4FF8-9431-310B60722E6F}.Debug|x64.ActiveCfg = Debug|x64
		{955EDCD9-84E8-4FF8-9431-310B60722E6F}.Debug|x64.Build.0 = Debug|x64
		{955EDCD9-84E8-4FF8-9431-310B60722E6F}.Debug|x86.ActiveCfg = Debug|Win32
		{955EDCD9-84E8-4FF8-9431-310B60722E6F}.Debug|x86.Build.0 = Debug|Win32
		{955EDCD9-84E8-4FF8-9431-310B60722E6F}.Release|x64.ActiveCfg = Release|x64
		{955EDCD9-84E8-4FF8-9431-310B60722E6F}.Release|x64.Build.0 = Release|x64
		{955EDCD9-84E8-4FF8-9431-310B60722E6F}.Release|x86.ActiveCfg = Release|Win32
		{955EDCD9-84E8-4FF8-9431-310B60722E6F}.Release|x86.Build.0 = Release|Win32
		{44AFFBE0-2AC1-4FE4-907F-79F89041B908}.Debug|x64.ActiveCfg = Debug|x64
		{44AFFBE0-2AC1-4FE4-907F-79F89041B908}.Debug|x64.Build.0 = Debug|x64
		{44AFFBE0-2AC1-4FE4-907F-79F89041B908}.Debug|x86.ActiveCfg = Debug|Win32
		{44AFFBE0-2AC1-4FE4-907F-79F89041B908}.Debug|x86.Build.0 = Debug|Win32
		{44AFFBE0-2AC1-4FE4-907F-79F89041B908}.Release|x64.ActiveCfg = Release|x64
		{44AFFBE0-2AC1-4FE4-907F-79F89041B908}.Release|x64.Build.0 = Release|x64
		{44AFFBE0-2AC1-4FE4-907F-79F89041B908}.Release|x86.ActiveCfg = Release|Win32
		{44AFFBE0-2AC1-4FE4-907F-79F89041B908}.Release|x86.Build.0 = Release|Win32
		{85C5C1F2-1781-44BD-9930-51726BCC5160}.Debug|x64.ActiveCfg = Debug|x64
		{85C5C1F2-1781-44BD-9930-51726BCC5160}.Debug|x64.Build.0 = Debug|x64
		{85C5C1F2-1781-44BD-9930-51726BCC5160}.Debug|x86.ActiveCfg = Debug|Win32
		{85C5C1F2-1781-44BD-9930-51726BCC5160}.Debug|x86.Build.0 = Debug|Win32
		{85C5C1F2-1781-44BD-9930-51726BCC5160}.Release|x64.ActiveCfg = Release|x64
		{85C5C1F2-1781-44BD-9930-51726BCC5160}.Release|x64.Build.0 = Release|x64
		{85C5C1F2-1781-44BD-9930-51726BCC5160}.Release|x86.ActiveCfg = Release|Win32
		{85C5C1F2-1781-44BD-9930-51726BCC5160}.Release|x86.Build.0 = Release|Win32
		{C8D22D98-CB2B-431E-8E5C-5C1652569802}.Debug|x64.ActiveCfg = Debug|x64
		{C8D22D98-CB2B-431E-8E5C-5C1652569802}.Debug|x64.Build.0 = Debug|x64
		{C8D22D98-CB2B-431E-8E5C-5C1652569802}.Debug|x86.ActiveCfg = Debug|Win32
		{C8D22D98-CB2B-431E-8E5C-5C1652569802}.Debug|x86.Build.0 = Debug|Win32
		{C8D22D98-CB2B-431E-8E5C-5C1652569802}.Release|x64.ActiveCfg = Release|x64
		{C8D22D98-CB2B-431E-8E5C-5C1652569802}.Release|x64.Build.0 = Release|x64
		{C8D22D98-CB2B-431E-8E5C-5C1652569802}.Release|x86.ActiveCfg = Release|Win32
		{C8D22D98-CB2B-431E-8E5C-5C1652569802}.Release|x86.Build.0 = Release|Win32
		{B0F9CCD4-2A43-496E-8B79-AD4A85E79B71}.Debug|x64.ActiveCfg = Debug|x64
		{B0F9CCD4-2A43-496E-8B79-AD4A85E79B71}.Debug|x64.Build.0 = Debug|x64
		{B0F9CCD4-2A43-496E-8B79-AD4A85E79B71}.Debug|x86.ActiveCfg = Debug|Win32
		{B0F9CCD4-2A43-496E-8B79-AD4A85E79B71}.Debug|x86.Build.0 = Debug|Win32
		{B0F9CCD4-2A43-496E-8B79-AD4A85E79B71}.Release|x64.ActiveCfg = Release|x64
		{B0F9CCD4-2A43-496E-8B79-AD4A85E79B71}.Release|x64.Build.0 = Release|x64
		{B0F9CCD4-2A43-496E-8B79-AD4A85E79B71}.Release|x86.ActiveCfg = Release|Win32
		{B0F9CCD4-2A43-496E-8B79-AD4A85E79B71}.Release|x86.Build.0 = Release|Win32
		{46EEAFE1-A027-495B-8467-FD26D572D9E0}.Debug|x64.ActiveCfg = Debug|x64
		{46EEAFE1-A027-495B-8467-FD26D572D9E0}.Debug|x64.Build.0 = Debug|x64
		{46EEAFE1-A027-495B-8467-FD26D572D9E0}.Debug|x86.ActiveCfg = Debug|Win32
		{46EEAFE1-A027-495B-8467-FD26D572D9E0}.Debug|x86.Build.0 = Debug|Win32
		{46EEAFE1-A027-495B-8467-FD26D572D9E0}.Release|x64.ActiveCfg = Release|x64
		{46EEAFE1-A027-495B-8467-FD26D572D9E0}.Release|x64.Build.0 = Release|x64
		{46EEAFE1-A027-495B-8467-FD26D572D9E0}.Release|x86.ActiveCfg = Release|Win32
		{46EEAFE1-A027-495B-8467-FD26D572D9E0}.Release|x86.Build.0 = Release|Win32
		{454CD0EB-2CE9-4A8C-8C76-8AE80B4A9400}.Debug|x64.ActiveCfg = Debug|x64
		{454CD0EB-2CE9-4A8C-8C76-8AE80B4A9400}.Debug|x64.Build.0 = Debug|x64
		{454CD0EB-2CE9-4A8C-8C76-8AE80B4A9400}.Debug|x86.ActiveCfg = Debug|Win32
		{454CD0EB-2CE9-4A8C-8C76-8AE80B4A9400}.Debug|x86.Build.0 = Debug|Win32
		{454CD0EB-2CE9-4A8C-8C76-8AE80B4A9400}.Release|x64.ActiveCfg = Release|x64
		{454CD0EB-2CE9-4A8C-8C76-8AE80B4A9400}.Release|x64.Build.0 = Release|x64
		{454CD0EB-2CE9-4A8C-8C76-8AE80B4A9400}.Release|x86.ActiveCfg = Release|Win32
		{454CD0EB-2CE9-4A8C-8C76-8AE80B4A9400}.Release|x86.Build.0 = Release|Win32
		{8D570CD4-7363-4029-8F72-A10679BA4244}.Debug|x64.ActiveCfg = Debug|x64
		{8D570CD4-7363-4029-8F72-A10679BA4244}.Debug|x64.Build.0 = Debug|x64
		{8D570CD4-7363-4029-8F72-A10679BA4244}.Debug|x86.ActiveCfg = Debug|Win32
		{8D570CD4-7363-4029-8F72-A10679BA4244}.Debug|x86.Build.0 = Debug|Win32
		{8D570CD4-7363-4029-8F72-A10679BA4244}.Release|x64.ActiveCfg = Release|x64
		{8D570CD4-7363-4029-8F72-A10679BA4244}.Release|x64.Build.0 = Release|x64
		{8D570CD4-7363-4029-8F72-A10679BA4244}.Release|x86.ActiveCfg = Release|Win32
		{8D570CD4-7363-4029-8F72-A10679BA4244}.Release|x86.Build.0 = Release|Win32
		{0EE24123-1CAD-4798-999E-B87F8D3C2A82}.Debug|x64.ActiveCfg = Debug|x64
		{0EE24123-1CAD-4798-999E-B87F8D3C2A82}.Debug|x64.Build.0 = Debug|x64
		{0EE24123-1CAD-4798-999E-B87F8D3C2A82}.Debug|x86.ActiveCfg = Debug|Win32
		{0EE24123-1CAD-4798-999E-B87F8D3C2A82}.Debug|x86.Build.0 = Debug|Win32
		{0EE24123-1CAD-4798-999E-B87F8D3C2A82}.Release|x64.ActiveCfg = Release|x64
		{0EE24123-1CAD-4798-999E-B87F8D3C2A82}.Release|x64.Build.0 = Release|x64
		{0EE24123-1CAD-4798-999E-B87F8D3C2A82}.Release|x86.ActiveCfg = Release|Win32
		{0EE24123-1CAD-4798-999E-B87F8D3C2A82}.Release|x86.Build.0 = Release|Win32
		{19145E5D-E1A5-435B-993D-ECFD927A153F}.Debug|x64.ActiveCfg = Debug|x64
		{19145E5D-E1A5-435B-993D-ECFD927A153F}.Debug|x64.Build.0 = Debug|x64
		{19145E5D-E1A5-435B-993D-ECFD927A153F}.Debug|x86.ActiveCfg = Debug|Win32
		{19145E5D-E1A5-435B-993D-ECFD927A153F}.Debug|x86.Build.0 = Debug|Win32
		{19145E5D-E1A5-435B-993D-ECFD927A153F}.Release|x64.ActiveCfg = Release|x64
		{19145E5D-E1A5-435B-993D-ECFD927A153F}.Release|x64.Build.0 = Release|x64
		{19145E5D-E1A5-435B-993D-ECFD927A153F}.Release|x86.ActiveCfg = Release|Win32
		{19145E5D-E1A5-435B-993D-ECFD927A153F}.Release|x86.Build.0 = Release|Win32
		{FA099D31-2B3C-4B9E-B1D4-EC13F3044361}.Debug|x64.ActiveCfg = Debug|x64
		{FA099D31-2B3C-4B9E-B1D4-EC13F3044361}.Debug|x64.Build.0 = Debug|x64
		{FA099D31-2B3C-4B9E-B1D4-EC13F3044361}.Debug|x86.ActiveCfg = Debug|Win32
		{FA099D31-2B3C-4B9E-B1D4-EC13F3044361}.Debug|x86.Build.0 = Debug|Win32
		{FA099D31-2B3C-4B9E-B1D4-EC13F3044361}.Release|x64.ActiveCfg = Release|x64
		{FA099D31-2B3C-4B9E-B1D4-EC13F3044361}.Release|x64.Build.0 = Release|x64
		{FA099D31-2B3C-4B9E-B1D4-EC13F3044361}.Release|x86.ActiveCfg = Release|Win32
		{FA099D31-2B3C-4B9E-B1D4-EC13F3044361}.Release|x86.Build.0 = Release|Win32
		{6C4A6E7F-6F9A-43B9-AB71-8B8E1F5AF0CA}.Debug|x64.ActiveCfg = Debug|x64
		{6C4A6E7F-6F9A-43B9-AB71-8B8E1F5AF0CA}.Debug|x64.Build.0 = Debug|x64
		{6C4A6E7F-6F9A-43B9-AB71-8B8E1F5AF0CA}.Debug|x86.ActiveCfg = Debug|Win32
		{6C4A6E7F-6F9A-43B9-AB71-8B8E1F5AF0CA}.Debug|x86.Build.0 = Debug|Win32
		{6C4A6E7F-6F9A-43B9-AB71-8B8E1F5AF0CA}.Release|x64.ActiveCfg = Release|x64
		{6C4A6E7F-6F9A-43B9-AB71-8B8E1F5AF0CA}.Release|x64.Build.0 = Release|x64
		{6C4A6E7F-6F9A-43B9-AB71-8B8E1F5AF0CA}.Release|x86.ActiveCfg = Release|Win32
		{6C4A6E7F-6F9A-43B9-AB71-8B8E1F5AF0CA}.Release|x86.Build.0 = Release|Win32
		{49B01D6F-C7F3-446A-8B6F-DC78EB9FF0E8}.Debug|x64.ActiveCfg = Debug|x64
		{49B01D6F-C7F3-446A-8B6F-DC78EB9FF0E8}.Debug|x64.Build.0 = Debug|x64
		{49B01D6F-C7F3-446A-8B6F-DC78EB9FF0E8}.Debug|x86.ActiveCfg = Debug|Win32
		{49B01D6F-C7F3-446A-8B6F-DC78EB9FF0E8}.Debug|x86.Build.0 = Debug|Win32
		{49B01D6F-C7F3-446A-8B6F-DC78EB9FF0E8}.Release|x64.ActiveCfg = Release|x64
		{49B01D6F-C7F3-446A-8B6F-DC78EB9FF0E8}.Release|x64.Build.0 = Release|x64
		{49B01D6F-C7F3-446A-8B6F-DC78EB9FF0E8}.Release|x86.ActiveCfg = Release|Win32
		{49B01D6F-C7F3-446A-8B6F-DC78EB9FF0E8}.Release|x86.Build.0 = Release|Win32
	EndGlobalSection
	GlobalSection(SolutionProperties) = preSolution
		HideSolutionNode = FALSE
	EndGlobalSection
	GlobalSection(ExtensibilityGlobals) = postSolution
		SolutionGuid = {569A6361-603E-4244-80CC-8064147CCD1A}
	EndGlobalSection
EndGlobal
