
Microsoft Visual Studio Solution File, Format Version 12.00
# Visual Studio Version 16
VisualStudioVersion = 16.0.31129.286
MinimumVisualStudioVersion = 10.0.40219.1
Project("{8BC9CEB8-8B4A-11D0-8D11-00A0C91BC942}") = "Week2", "Week2\Week2.vcxproj", "{B70CC8FE-F65A-40FA-B376-5F1FB89E0E64}"
EndProject
Project("{8BC9CEB8-8B4A-11D0-8D11-00A0C91BC942}") = "Week2-2", "Week2-2\Week2-2.vcxproj", "{788BE2D8-7CFD-40AA-879F-809F0B33DCDA}"
EndProject
Project("{8BC9CEB8-8B4A-11D0-8D11-00A0C91BC942}") = "Week2-3", "Week2-3\Week2-3.vcxproj", "{DDA3A708-07F7-4D88-BA76-58508066C70F}"
EndProject
Project("{8BC9CEB8-8B4A-11D0-8D11-00A0C91BC942}") = "Week2-4", "Week2-4\Week2-4.vcxproj", "{FEDFBF32-EBBC-4AC5-90DF-A3E471C140A1}"
EndProject
Project("{8BC9CEB8-8B4A-11D0-8D11-00A0C91BC942}") = "Week2-5", "Week2-5\Week2-5.vcxproj", "{A62180EE-7745-409B-951C-9700271C7C72}"
EndProject
Project("{8BC9CEB8-8B4A-11D0-8D11-00A0C91BC942}") = "Week3", "Week3\Week3.vcxproj", "{2B852C74-46DE-481B-9F0C-7BDF4667FE6C}"
EndProject
Project("{8BC9CEB8-8B4A-11D0-8D11-00A0C91BC942}") = "Week3-B", "Week3-B\Week3-B.vcxproj", "{5F981822-7048-482E-8C49-AEE36D2A4D8C}"
EndProject
Project("{8BC9CEB8-8B4A-11D0-8D11-00A0C91BC942}") = "Week4-A", "Week4-A\Week4-A.vcxproj", "{6C59C8D5-6B39-413F-A6E6-D28AF83AD72E}"
EndProject
Project("{8BC9CEB8-8B4A-11D0-8D11-00A0C91BC942}") = "Week5-A", "Week5-A\Week5-A.vcxproj", "{B90C1E76-9492-499F-A624-716044B1071D}"
EndProject
Project("{8BC9CEB8-8B4A-11D0-8D11-00A0C91BC942}") = "Week6-A", "Week6-A\Week6-A.vcxproj", "{68088AA7-F322-44CF-88C0-9A4EA030DD71}"
EndProject
Project("{8BC9CEB8-8B4A-11D0-8D11-00A0C91BC942}") = "Practice", "Practice\Practice.vcxproj", "{EB875812-E503-4288-BC47-EAA5F8D4C804}"
EndProject
Project("{8BC9CEB8-8B4A-11D0-8D11-00A0C91BC942}") = "Week7-2", "Week7-2\Week7-2.vcxproj", "{329C009E-A04B-4C1D-94E5-13024056F631}"
EndProject
Project("{8BC9CEB8-8B4A-11D0-8D11-00A0C91BC942}") = "Week7-6", "Week7-6\Week7-6.vcxproj", "{1BDE1532-BCCC-418F-80F8-28685E53426F}"
EndProject
Project("{8BC9CEB8-8B4A-11D0-8D11-00A0C91BC942}") = "Week7-9", "Week7-9\Week7-9.vcxproj", "{E23B146F-A03C-4745-B82A-8D7706648C9D}"
EndProject
Project("{8BC9CEB8-8B4A-11D0-8D11-00A0C91BC942}") = "Week7-4", "Week7-4\Week7-4.vcxproj", "{EC7F2DF6-5CFE-41E6-96A2-1DAF2BB9573F}"
EndProject
Project("{8BC9CEB8-8B4A-11D0-8D11-00A0C91BC942}") = "Week7-8", "Week7-8\Week7-8.vcxproj", "{F14D1123-8B47-41C9-97E6-D4E7A2D00436}"
EndProject
Project("{8BC9CEB8-8B4A-11D0-8D11-00A0C91BC942}") = "Week7-5", "Week7-5\Week7-5.vcxproj", "{5801471D-1194-4143-983E-74CC90495AA8}"
EndProject
Project("{8BC9CEB8-8B4A-11D0-8D11-00A0C91BC942}") = "Week7-3", "Week7-3\Week7-3.vcxproj", "{C3830B36-CCF0-4412-B6CC-0BFE002AB7F0}"
EndProject
Project("{8BC9CEB8-8B4A-11D0-8D11-00A0C91BC942}") = "Week7-1", "Week7-1\Week7-1.vcxproj", "{C8706FAF-664D-455C-9909-A6C9CD76F87F}"
EndProject
Project("{8BC9CEB8-8B4A-11D0-8D11-00A0C91BC942}") = "Week7-10", "Week7-10\Week7-10.vcxproj", "{123659F6-70EC-4C8A-88A4-1880A656A06A}"
EndProject
Project("{8BC9CEB8-8B4A-11D0-8D11-00A0C91BC942}") = "Week7-11", "Week7-11\Week7-11.vcxproj", "{0C2C5E53-8D9F-4673-A99E-4901E19294B3}"
EndProject
Project("{8BC9CEB8-8B4A-11D0-8D11-00A0C91BC942}") = "Week8-13", "Week8-13\Week8-13.vcxproj", "{06A957A0-671C-43A6-83B9-679BAF5BD84B}"
EndProject
Project("{8BC9CEB8-8B4A-11D0-8D11-00A0C91BC942}") = "Week8-7", "Week8-7\Week8-7.vcxproj", "{6C752A16-3EEC-407C-AF20-4CDB76CCF18E}"
EndProject
Project("{8BC9CEB8-8B4A-11D0-8D11-00A0C91BC942}") = "Week8-8", "Week8-8\Week8-8.vcxproj", "{A5E791F0-4D04-48E1-AEB8-C74BC4E530EA}"
EndProject
Project("{8BC9CEB8-8B4A-11D0-8D11-00A0C91BC942}") = "Week9-1", "Week9-1\Week9-1.vcxproj", "{4CBE965A-267A-4C8E-B13F-3D16BED2E0F2}"
EndProject
Project("{8BC9CEB8-8B4A-11D0-8D11-00A0C91BC942}") = "Week9-2", "Week9-2\Week9-2.vcxproj", "{CA9E1BB1-5BEB-4FA5-9300-FA7844FA6CC9}"
EndProject
Project("{8BC9CEB8-8B4A-11D0-8D11-00A0C91BC942}") = "Week9-3", "Week9-3\Week9-3.vcxproj", "{1686A2ED-00BE-4AA6-BBAD-9531376FF1A8}"
EndProject
Project("{8BC9CEB8-8B4A-11D0-8D11-00A0C91BC942}") = "Practice Exam", "Practice Exam\Practice Exam.vcxproj", "{AB8BB7B6-3B71-4DFE-A461-E2A1E7EBC7F4}"
EndProject
Global
	GlobalSection(SolutionConfigurationPlatforms) = preSolution
		Debug|x64 = Debug|x64
		Debug|x86 = Debug|x86
		Release|x64 = Release|x64
		Release|x86 = Release|x86
	EndGlobalSection
	GlobalSection(ProjectConfigurationPlatforms) = postSolution
		{B70CC8FE-F65A-40FA-B376-5F1FB89E0E64}.Debug|x64.ActiveCfg = Debug|x64
		{B70CC8FE-F65A-40FA-B376-5F1FB89E0E64}.Debug|x64.Build.0 = Debug|x64
		{B70CC8FE-F65A-40FA-B376-5F1FB89E0E64}.Debug|x86.ActiveCfg = Debug|Win32
		{B70CC8FE-F65A-40FA-B376-5F1FB89E0E64}.Debug|x86.Build.0 = Debug|Win32
		{B70CC8FE-F65A-40FA-B376-5F1FB89E0E64}.Release|x64.ActiveCfg = Release|x64
		{B70CC8FE-F65A-40FA-B376-5F1FB89E0E64}.Release|x64.Build.0 = Release|x64
		{B70CC8FE-F65A-40FA-B376-5F1FB89E0E64}.Release|x86.ActiveCfg = Release|Win32
		{B70CC8FE-F65A-40FA-B376-5F1FB89E0E64}.Release|x86.Build.0 = Release|Win32
		{788BE2D8-7CFD-40AA-879F-809F0B33DCDA}.Debug|x64.ActiveCfg = Debug|x64
		{788BE2D8-7CFD-40AA-879F-809F0B33DCDA}.Debug|x64.Build.0 = Debug|x64
		{788BE2D8-7CFD-40AA-879F-809F0B33DCDA}.Debug|x86.ActiveCfg = Debug|Win32
		{788BE2D8-7CFD-40AA-879F-809F0B33DCDA}.Debug|x86.Build.0 = Debug|Win32
		{788BE2D8-7CFD-40AA-879F-809F0B33DCDA}.Release|x64.ActiveCfg = Release|x64
		{788BE2D8-7CFD-40AA-879F-809F0B33DCDA}.Release|x64.Build.0 = Release|x64
		{788BE2D8-7CFD-40AA-879F-809F0B33DCDA}.Release|x86.ActiveCfg = Release|Win32
		{788BE2D8-7CFD-40AA-879F-809F0B33DCDA}.Release|x86.Build.0 = Release|Win32
		{DDA3A708-07F7-4D88-BA76-58508066C70F}.Debug|x64.ActiveCfg = Debug|x64
		{DDA3A708-07F7-4D88-BA76-58508066C70F}.Debug|x64.Build.0 = Debug|x64
		{DDA3A708-07F7-4D88-BA76-58508066C70F}.Debug|x86.ActiveCfg = Debug|Win32
		{DDA3A708-07F7-4D88-BA76-58508066C70F}.Debug|x86.Build.0 = Debug|Win32
		{DDA3A708-07F7-4D88-BA76-58508066C70F}.Release|x64.ActiveCfg = Release|x64
		{DDA3A708-07F7-4D88-BA76-58508066C70F}.Release|x64.Build.0 = Release|x64
		{DDA3A708-07F7-4D88-BA76-58508066C70F}.Release|x86.ActiveCfg = Release|Win32
		{DDA3A708-07F7-4D88-BA76-58508066C70F}.Release|x86.Build.0 = Release|Win32
		{FEDFBF32-EBBC-4AC5-90DF-A3E471C140A1}.Debug|x64.ActiveCfg = Debug|x64
		{FEDFBF32-EBBC-4AC5-90DF-A3E471C140A1}.Debug|x64.Build.0 = Debug|x64
		{FEDFBF32-EBBC-4AC5-90DF-A3E471C140A1}.Debug|x86.ActiveCfg = Debug|Win32
		{FEDFBF32-EBBC-4AC5-90DF-A3E471C140A1}.Debug|x86.Build.0 = Debug|Win32
		{FEDFBF32-EBBC-4AC5-90DF-A3E471C140A1}.Release|x64.ActiveCfg = Release|x64
		{FEDFBF32-EBBC-4AC5-90DF-A3E471C140A1}.Release|x64.Build.0 = Release|x64
		{FEDFBF32-EBBC-4AC5-90DF-A3E471C140A1}.Release|x86.ActiveCfg = Release|Win32
		{FEDFBF32-EBBC-4AC5-90DF-A3E471C140A1}.Release|x86.Build.0 = Release|Win32
		{A62180EE-7745-409B-951C-9700271C7C72}.Debug|x64.ActiveCfg = Debug|x64
		{A62180EE-7745-409B-951C-9700271C7C72}.Debug|x64.Build.0 = Debug|x64
		{A62180EE-7745-409B-951C-9700271C7C72}.Debug|x86.ActiveCfg = Debug|Win32
		{A62180EE-7745-409B-951C-9700271C7C72}.Debug|x86.Build.0 = Debug|Win32
		{A62180EE-7745-409B-951C-9700271C7C72}.Release|x64.ActiveCfg = Release|x64
		{A62180EE-7745-409B-951C-9700271C7C72}.Release|x64.Build.0 = Release|x64
		{A62180EE-7745-409B-951C-9700271C7C72}.Release|x86.ActiveCfg = Release|Win32
		{A62180EE-7745-409B-951C-9700271C7C72}.Release|x86.Build.0 = Release|Win32
		{2B852C74-46DE-481B-9F0C-7BDF4667FE6C}.Debug|x64.ActiveCfg = Debug|x64
		{2B852C74-46DE-481B-9F0C-7BDF4667FE6C}.Debug|x64.Build.0 = Debug|x64
		{2B852C74-46DE-481B-9F0C-7BDF4667FE6C}.Debug|x86.ActiveCfg = Debug|Win32
		{2B852C74-46DE-481B-9F0C-7BDF4667FE6C}.Debug|x86.Build.0 = Debug|Win32
		{2B852C74-46DE-481B-9F0C-7BDF4667FE6C}.Release|x64.ActiveCfg = Release|x64
		{2B852C74-46DE-481B-9F0C-7BDF4667FE6C}.Release|x64.Build.0 = Release|x64
		{2B852C74-46DE-481B-9F0C-7BDF4667FE6C}.Release|x86.ActiveCfg = Release|Win32
		{2B852C74-46DE-481B-9F0C-7BDF4667FE6C}.Release|x86.Build.0 = Release|Win32
		{5F981822-7048-482E-8C49-AEE36D2A4D8C}.Debug|x64.ActiveCfg = Debug|x64
		{5F981822-7048-482E-8C49-AEE36D2A4D8C}.Debug|x64.Build.0 = Debug|x64
		{5F981822-7048-482E-8C49-AEE36D2A4D8C}.Debug|x86.ActiveCfg = Debug|Win32
		{5F981822-7048-482E-8C49-AEE36D2A4D8C}.Debug|x86.Build.0 = Debug|Win32
		{5F981822-7048-482E-8C49-AEE36D2A4D8C}.Release|x64.ActiveCfg = Release|x64
		{5F981822-7048-482E-8C49-AEE36D2A4D8C}.Release|x64.Build.0 = Release|x64
		{5F981822-7048-482E-8C49-AEE36D2A4D8C}.Release|x86.ActiveCfg = Release|Win32
		{5F981822-7048-482E-8C49-AEE36D2A4D8C}.Release|x86.Build.0 = Release|Win32
		{6C59C8D5-6B39-413F-A6E6-D28AF83AD72E}.Debug|x64.ActiveCfg = Debug|x64
		{6C59C8D5-6B39-413F-A6E6-D28AF83AD72E}.Debug|x64.Build.0 = Debug|x64
		{6C59C8D5-6B39-413F-A6E6-D28AF83AD72E}.Debug|x86.ActiveCfg = Debug|Win32
		{6C59C8D5-6B39-413F-A6E6-D28AF83AD72E}.Debug|x86.Build.0 = Debug|Win32
		{6C59C8D5-6B39-413F-A6E6-D28AF83AD72E}.Release|x64.ActiveCfg = Release|x64
		{6C59C8D5-6B39-413F-A6E6-D28AF83AD72E}.Release|x64.Build.0 = Release|x64
		{6C59C8D5-6B39-413F-A6E6-D28AF83AD72E}.Release|x86.ActiveCfg = Release|Win32
		{6C59C8D5-6B39-413F-A6E6-D28AF83AD72E}.Release|x86.Build.0 = Release|Win32
		{B90C1E76-9492-499F-A624-716044B1071D}.Debug|x64.ActiveCfg = Debug|x64
		{B90C1E76-9492-499F-A624-716044B1071D}.Debug|x64.Build.0 = Debug|x64
		{B90C1E76-9492-499F-A624-716044B1071D}.Debug|x86.ActiveCfg = Debug|Win32
		{B90C1E76-9492-499F-A624-716044B1071D}.Debug|x86.Build.0 = Debug|Win32
		{B90C1E76-9492-499F-A624-716044B1071D}.Release|x64.ActiveCfg = Release|x64
		{B90C1E76-9492-499F-A624-716044B1071D}.Release|x64.Build.0 = Release|x64
		{B90C1E76-9492-499F-A624-716044B1071D}.Release|x86.ActiveCfg = Release|Win32
		{B90C1E76-9492-499F-A624-716044B1071D}.Release|x86.Build.0 = Release|Win32
		{68088AA7-F322-44CF-88C0-9A4EA030DD71}.Debug|x64.ActiveCfg = Debug|x64
		{68088AA7-F322-44CF-88C0-9A4EA030DD71}.Debug|x64.Build.0 = Debug|x64
		{68088AA7-F322-44CF-88C0-9A4EA030DD71}.Debug|x86.ActiveCfg = Debug|Win32
		{68088AA7-F322-44CF-88C0-9A4EA030DD71}.Debug|x86.Build.0 = Debug|Win32
		{68088AA7-F322-44CF-88C0-9A4EA030DD71}.Release|x64.ActiveCfg = Release|x64
		{68088AA7-F322-44CF-88C0-9A4EA030DD71}.Release|x64.Build.0 = Release|x64
		{68088AA7-F322-44CF-88C0-9A4EA030DD71}.Release|x86.ActiveCfg = Release|Win32
		{68088AA7-F322-44CF-88C0-9A4EA030DD71}.Release|x86.Build.0 = Release|Win32
		{EB875812-E503-4288-BC47-EAA5F8D4C804}.Debug|x64.ActiveCfg = Debug|x64
		{EB875812-E503-4288-BC47-EAA5F8D4C804}.Debug|x64.Build.0 = Debug|x64
		{EB875812-E503-4288-BC47-EAA5F8D4C804}.Debug|x86.ActiveCfg = Debug|Win32
		{EB875812-E503-4288-BC47-EAA5F8D4C804}.Debug|x86.Build.0 = Debug|Win32
		{EB875812-E503-4288-BC47-EAA5F8D4C804}.Release|x64.ActiveCfg = Release|x64
		{EB875812-E503-4288-BC47-EAA5F8D4C804}.Release|x64.Build.0 = Release|x64
		{EB875812-E503-4288-BC47-EAA5F8D4C804}.Release|x86.ActiveCfg = Release|Win32
		{EB875812-E503-4288-BC47-EAA5F8D4C804}.Release|x86.Build.0 = Release|Win32
		{329C009E-A04B-4C1D-94E5-13024056F631}.Debug|x64.ActiveCfg = Debug|x64
		{329C009E-A04B-4C1D-94E5-13024056F631}.Debug|x64.Build.0 = Debug|x64
		{329C009E-A04B-4C1D-94E5-13024056F631}.Debug|x86.ActiveCfg = Debug|Win32
		{329C009E-A04B-4C1D-94E5-13024056F631}.Debug|x86.Build.0 = Debug|Win32
		{329C009E-A04B-4C1D-94E5-13024056F631}.Release|x64.ActiveCfg = Release|x64
		{329C009E-A04B-4C1D-94E5-13024056F631}.Release|x64.Build.0 = Release|x64
		{329C009E-A04B-4C1D-94E5-13024056F631}.Release|x86.ActiveCfg = Release|Win32
		{329C009E-A04B-4C1D-94E5-13024056F631}.Release|x86.Build.0 = Release|Win32
		{1BDE1532-BCCC-418F-80F8-28685E53426F}.Debug|x64.ActiveCfg = Debug|x64
		{1BDE1532-BCCC-418F-80F8-28685E53426F}.Debug|x64.Build.0 = Debug|x64
		{1BDE1532-BCCC-418F-80F8-28685E53426F}.Debug|x86.ActiveCfg = Debug|Win32
		{1BDE1532-BCCC-418F-80F8-28685E53426F}.Debug|x86.Build.0 = Debug|Win32
		{1BDE1532-BCCC-418F-80F8-28685E53426F}.Release|x64.ActiveCfg = Release|x64
		{1BDE1532-BCCC-418F-80F8-28685E53426F}.Release|x64.Build.0 = Release|x64
		{1BDE1532-BCCC-418F-80F8-28685E53426F}.Release|x86.ActiveCfg = Release|Win32
		{1BDE1532-BCCC-418F-80F8-28685E53426F}.Release|x86.Build.0 = Release|Win32
		{E23B146F-A03C-4745-B82A-8D7706648C9D}.Debug|x64.ActiveCfg = Debug|x64
		{E23B146F-A03C-4745-B82A-8D7706648C9D}.Debug|x64.Build.0 = Debug|x64
		{E23B146F-A03C-4745-B82A-8D7706648C9D}.Debug|x86.ActiveCfg = Debug|Win32
		{E23B146F-A03C-4745-B82A-8D7706648C9D}.Debug|x86.Build.0 = Debug|Win32
		{E23B146F-A03C-4745-B82A-8D7706648C9D}.Release|x64.ActiveCfg = Release|x64
		{E23B146F-A03C-4745-B82A-8D7706648C9D}.Release|x64.Build.0 = Release|x64
		{E23B146F-A03C-4745-B82A-8D7706648C9D}.Release|x86.ActiveCfg = Release|Win32
		{E23B146F-A03C-4745-B82A-8D7706648C9D}.Release|x86.Build.0 = Release|Win32
		{EC7F2DF6-5CFE-41E6-96A2-1DAF2BB9573F}.Debug|x64.ActiveCfg = Debug|x64
		{EC7F2DF6-5CFE-41E6-96A2-1DAF2BB9573F}.Debug|x64.Build.0 = Debug|x64
		{EC7F2DF6-5CFE-41E6-96A2-1DAF2BB9573F}.Debug|x86.ActiveCfg = Debug|Win32
		{EC7F2DF6-5CFE-41E6-96A2-1DAF2BB9573F}.Debug|x86.Build.0 = Debug|Win32
		{EC7F2DF6-5CFE-41E6-96A2-1DAF2BB9573F}.Release|x64.ActiveCfg = Release|x64
		{EC7F2DF6-5CFE-41E6-96A2-1DAF2BB9573F}.Release|x64.Build.0 = Release|x64
		{EC7F2DF6-5CFE-41E6-96A2-1DAF2BB9573F}.Release|x86.ActiveCfg = Release|Win32
		{EC7F2DF6-5CFE-41E6-96A2-1DAF2BB9573F}.Release|x86.Build.0 = Release|Win32
		{F14D1123-8B47-41C9-97E6-D4E7A2D00436}.Debug|x64.ActiveCfg = Debug|x64
		{F14D1123-8B47-41C9-97E6-D4E7A2D00436}.Debug|x64.Build.0 = Debug|x64
		{F14D1123-8B47-41C9-97E6-D4E7A2D00436}.Debug|x86.ActiveCfg = Debug|Win32
		{F14D1123-8B47-41C9-97E6-D4E7A2D00436}.Debug|x86.Build.0 = Debug|Win32
		{F14D1123-8B47-41C9-97E6-D4E7A2D00436}.Release|x64.ActiveCfg = Release|x64
		{F14D1123-8B47-41C9-97E6-D4E7A2D00436}.Release|x64.Build.0 = Release|x64
		{F14D1123-8B47-41C9-97E6-D4E7A2D00436}.Release|x86.ActiveCfg = Release|Win32
		{F14D1123-8B47-41C9-97E6-D4E7A2D00436}.Release|x86.Build.0 = Release|Win32
		{5801471D-1194-4143-983E-74CC90495AA8}.Debug|x64.ActiveCfg = Debug|x64
		{5801471D-1194-4143-983E-74CC90495AA8}.Debug|x64.Build.0 = Debug|x64
		{5801471D-1194-4143-983E-74CC90495AA8}.Debug|x86.ActiveCfg = Debug|Win32
		{5801471D-1194-4143-983E-74CC90495AA8}.Debug|x86.Build.0 = Debug|Win32
		{5801471D-1194-4143-983E-74CC90495AA8}.Release|x64.ActiveCfg = Release|x64
		{5801471D-1194-4143-983E-74CC90495AA8}.Release|x64.Build.0 = Release|x64
		{5801471D-1194-4143-983E-74CC90495AA8}.Release|x86.ActiveCfg = Release|Win32
		{5801471D-1194-4143-983E-74CC90495AA8}.Release|x86.Build.0 = Release|Win32
		{C3830B36-CCF0-4412-B6CC-0BFE002AB7F0}.Debug|x64.ActiveCfg = Debug|x64
		{C3830B36-CCF0-4412-B6CC-0BFE002AB7F0}.Debug|x64.Build.0 = Debug|x64
		{C3830B36-CCF0-4412-B6CC-0BFE002AB7F0}.Debug|x86.ActiveCfg = Debug|Win32
		{C3830B36-CCF0-4412-B6CC-0BFE002AB7F0}.Debug|x86.Build.0 = Debug|Win32
		{C3830B36-CCF0-4412-B6CC-0BFE002AB7F0}.Release|x64.ActiveCfg = Release|x64
		{C3830B36-CCF0-4412-B6CC-0BFE002AB7F0}.Release|x64.Build.0 = Release|x64
		{C3830B36-CCF0-4412-B6CC-0BFE002AB7F0}.Release|x86.ActiveCfg = Release|Win32
		{C3830B36-CCF0-4412-B6CC-0BFE002AB7F0}.Release|x86.Build.0 = Release|Win32
		{C8706FAF-664D-455C-9909-A6C9CD76F87F}.Debug|x64.ActiveCfg = Debug|x64
		{C8706FAF-664D-455C-9909-A6C9CD76F87F}.Debug|x64.Build.0 = Debug|x64
		{C8706FAF-664D-455C-9909-A6C9CD76F87F}.Debug|x86.ActiveCfg = Debug|Win32
		{C8706FAF-664D-455C-9909-A6C9CD76F87F}.Debug|x86.Build.0 = Debug|Win32
		{C8706FAF-664D-455C-9909-A6C9CD76F87F}.Release|x64.ActiveCfg = Release|x64
		{C8706FAF-664D-455C-9909-A6C9CD76F87F}.Release|x64.Build.0 = Release|x64
		{C8706FAF-664D-455C-9909-A6C9CD76F87F}.Release|x86.ActiveCfg = Release|Win32
		{C8706FAF-664D-455C-9909-A6C9CD76F87F}.Release|x86.Build.0 = Release|Win32
		{123659F6-70EC-4C8A-88A4-1880A656A06A}.Debug|x64.ActiveCfg = Debug|x64
		{123659F6-70EC-4C8A-88A4-1880A656A06A}.Debug|x64.Build.0 = Debug|x64
		{123659F6-70EC-4C8A-88A4-1880A656A06A}.Debug|x86.ActiveCfg = Debug|Win32
		{123659F6-70EC-4C8A-88A4-1880A656A06A}.Debug|x86.Build.0 = Debug|Win32
		{123659F6-70EC-4C8A-88A4-1880A656A06A}.Release|x64.ActiveCfg = Release|x64
		{123659F6-70EC-4C8A-88A4-1880A656A06A}.Release|x64.Build.0 = Release|x64
		{123659F6-70EC-4C8A-88A4-1880A656A06A}.Release|x86.ActiveCfg = Release|Win32
		{123659F6-70EC-4C8A-88A4-1880A656A06A}.Release|x86.Build.0 = Release|Win32
		{0C2C5E53-8D9F-4673-A99E-4901E19294B3}.Debug|x64.ActiveCfg = Debug|x64
		{0C2C5E53-8D9F-4673-A99E-4901E19294B3}.Debug|x64.Build.0 = Debug|x64
		{0C2C5E53-8D9F-4673-A99E-4901E19294B3}.Debug|x86.ActiveCfg = Debug|Win32
		{0C2C5E53-8D9F-4673-A99E-4901E19294B3}.Debug|x86.Build.0 = Debug|Win32
		{0C2C5E53-8D9F-4673-A99E-4901E19294B3}.Release|x64.ActiveCfg = Release|x64
		{0C2C5E53-8D9F-4673-A99E-4901E19294B3}.Release|x64.Build.0 = Release|x64
		{0C2C5E53-8D9F-4673-A99E-4901E19294B3}.Release|x86.ActiveCfg = Release|Win32
		{0C2C5E53-8D9F-4673-A99E-4901E19294B3}.Release|x86.Build.0 = Release|Win32
		{06A957A0-671C-43A6-83B9-679BAF5BD84B}.Debug|x64.ActiveCfg = Debug|x64
		{06A957A0-671C-43A6-83B9-679BAF5BD84B}.Debug|x64.Build.0 = Debug|x64
		{06A957A0-671C-43A6-83B9-679BAF5BD84B}.Debug|x86.ActiveCfg = Debug|Win32
		{06A957A0-671C-43A6-83B9-679BAF5BD84B}.Debug|x86.Build.0 = Debug|Win32
		{06A957A0-671C-43A6-83B9-679BAF5BD84B}.Release|x64.ActiveCfg = Release|x64
		{06A957A0-671C-43A6-83B9-679BAF5BD84B}.Release|x64.Build.0 = Release|x64
		{06A957A0-671C-43A6-83B9-679BAF5BD84B}.Release|x86.ActiveCfg = Release|Win32
		{06A957A0-671C-43A6-83B9-679BAF5BD84B}.Release|x86.Build.0 = Release|Win32
		{6C752A16-3EEC-407C-AF20-4CDB76CCF18E}.Debug|x64.ActiveCfg = Debug|x64
		{6C752A16-3EEC-407C-AF20-4CDB76CCF18E}.Debug|x64.Build.0 = Debug|x64
		{6C752A16-3EEC-407C-AF20-4CDB76CCF18E}.Debug|x86.ActiveCfg = Debug|Win32
		{6C752A16-3EEC-407C-AF20-4CDB76CCF18E}.Debug|x86.Build.0 = Debug|Win32
		{6C752A16-3EEC-407C-AF20-4CDB76CCF18E}.Release|x64.ActiveCfg = Release|x64
		{6C752A16-3EEC-407C-AF20-4CDB76CCF18E}.Release|x64.Build.0 = Release|x64
		{6C752A16-3EEC-407C-AF20-4CDB76CCF18E}.Release|x86.ActiveCfg = Release|Win32
		{6C752A16-3EEC-407C-AF20-4CDB76CCF18E}.Release|x86.Build.0 = Release|Win32
		{A5E791F0-4D04-48E1-AEB8-C74BC4E530EA}.Debug|x64.ActiveCfg = Debug|x64
		{A5E791F0-4D04-48E1-AEB8-C74BC4E530EA}.Debug|x64.Build.0 = Debug|x64
		{A5E791F0-4D04-48E1-AEB8-C74BC4E530EA}.Debug|x86.ActiveCfg = Debug|Win32
		{A5E791F0-4D04-48E1-AEB8-C74BC4E530EA}.Debug|x86.Build.0 = Debug|Win32
		{A5E791F0-4D04-48E1-AEB8-C74BC4E530EA}.Release|x64.ActiveCfg = Release|x64
		{A5E791F0-4D04-48E1-AEB8-C74BC4E530EA}.Release|x64.Build.0 = Release|x64
		{A5E791F0-4D04-48E1-AEB8-C74BC4E530EA}.Release|x86.ActiveCfg = Release|Win32
		{A5E791F0-4D04-48E1-AEB8-C74BC4E530EA}.Release|x86.Build.0 = Release|Win32
		{4CBE965A-267A-4C8E-B13F-3D16BED2E0F2}.Debug|x64.ActiveCfg = Debug|x64
		{4CBE965A-267A-4C8E-B13F-3D16BED2E0F2}.Debug|x64.Build.0 = Debug|x64
		{4CBE965A-267A-4C8E-B13F-3D16BED2E0F2}.Debug|x86.ActiveCfg = Debug|Win32
		{4CBE965A-267A-4C8E-B13F-3D16BED2E0F2}.Debug|x86.Build.0 = Debug|Win32
		{4CBE965A-267A-4C8E-B13F-3D16BED2E0F2}.Release|x64.ActiveCfg = Release|x64
		{4CBE965A-267A-4C8E-B13F-3D16BED2E0F2}.Release|x64.Build.0 = Release|x64
		{4CBE965A-267A-4C8E-B13F-3D16BED2E0F2}.Release|x86.ActiveCfg = Release|Win32
		{4CBE965A-267A-4C8E-B13F-3D16BED2E0F2}.Release|x86.Build.0 = Release|Win32
		{CA9E1BB1-5BEB-4FA5-9300-FA7844FA6CC9}.Debug|x64.ActiveCfg = Debug|x64
		{CA9E1BB1-5BEB-4FA5-9300-FA7844FA6CC9}.Debug|x64.Build.0 = Debug|x64
		{CA9E1BB1-5BEB-4FA5-9300-FA7844FA6CC9}.Debug|x86.ActiveCfg = Debug|Win32
		{CA9E1BB1-5BEB-4FA5-9300-FA7844FA6CC9}.Debug|x86.Build.0 = Debug|Win32
		{CA9E1BB1-5BEB-4FA5-9300-FA7844FA6CC9}.Release|x64.ActiveCfg = Release|x64
		{CA9E1BB1-5BEB-4FA5-9300-FA7844FA6CC9}.Release|x64.Build.0 = Release|x64
		{CA9E1BB1-5BEB-4FA5-9300-FA7844FA6CC9}.Release|x86.ActiveCfg = Release|Win32
		{CA9E1BB1-5BEB-4FA5-9300-FA7844FA6CC9}.Release|x86.Build.0 = Release|Win32
		{1686A2ED-00BE-4AA6-BBAD-9531376FF1A8}.Debug|x64.ActiveCfg = Debug|x64
		{1686A2ED-00BE-4AA6-BBAD-9531376FF1A8}.Debug|x64.Build.0 = Debug|x64
		{1686A2ED-00BE-4AA6-BBAD-9531376FF1A8}.Debug|x86.ActiveCfg = Debug|Win32
		{1686A2ED-00BE-4AA6-BBAD-9531376FF1A8}.Debug|x86.Build.0 = Debug|Win32
		{1686A2ED-00BE-4AA6-BBAD-9531376FF1A8}.Release|x64.ActiveCfg = Release|x64
		{1686A2ED-00BE-4AA6-BBAD-9531376FF1A8}.Release|x64.Build.0 = Release|x64
		{1686A2ED-00BE-4AA6-BBAD-9531376FF1A8}.Release|x86.ActiveCfg = Release|Win32
		{1686A2ED-00BE-4AA6-BBAD-9531376FF1A8}.Release|x86.Build.0 = Release|Win32
		{AB8BB7B6-3B71-4DFE-A461-E2A1E7EBC7F4}.Debug|x64.ActiveCfg = Debug|x64
		{AB8BB7B6-3B71-4DFE-A461-E2A1E7EBC7F4}.Debug|x64.Build.0 = Debug|x64
		{AB8BB7B6-3B71-4DFE-A461-E2A1E7EBC7F4}.Debug|x86.ActiveCfg = Debug|Win32
		{AB8BB7B6-3B71-4DFE-A461-E2A1E7EBC7F4}.Debug|x86.Build.0 = Debug|Win32
		{AB8BB7B6-3B71-4DFE-A461-E2A1E7EBC7F4}.Release|x64.ActiveCfg = Release|x64
		{AB8BB7B6-3B71-4DFE-A461-E2A1E7EBC7F4}.Release|x64.Build.0 = Release|x64
		{AB8BB7B6-3B71-4DFE-A461-E2A1E7EBC7F4}.Release|x86.ActiveCfg = Release|Win32
		{AB8BB7B6-3B71-4DFE-A461-E2A1E7EBC7F4}.Release|x86.Build.0 = Release|Win32
	EndGlobalSection
	GlobalSection(SolutionProperties) = preSolution
		HideSolutionNode = FALSE
	EndGlobalSection
	GlobalSection(ExtensibilityGlobals) = postSolution
		SolutionGuid = {3CDFF5F6-690A-4AEA-9805-B1CDE2060895}
	EndGlobalSection
EndGlobal
