
Microsoft Visual Studio Solution File, Format Version 12.00
# Visual Studio Version 16
VisualStudioVersion = 16.0.31129.286
MinimumVisualStudioVersion = 10.0.40219.1
Project("{8BC9CEB8-8B4A-11D0-8D11-00A0C91BC942}") = "SourceCode", "SourceCode\SourceCode.vcxproj", "{76C0ED4D-1314-459D-9048-95BA9DCDF8CE}"
EndProject
Global
	GlobalSection(SolutionConfigurationPlatforms) = preSolution
		Debug|x64 = Debug|x64
		Debug|x86 = Debug|x86
		Release|x64 = Release|x64
		Release|x86 = Release|x86
	EndGlobalSection
	GlobalSection(ProjectConfigurationPlatforms) = postSolution
		{76C0ED4D-1314-459D-9048-95BA9DCDF8CE}.Debug|x64.ActiveCfg = Debug|x64
		{76C0ED4D-1314-459D-9048-95BA9DCDF8CE}.Debug|x64.Build.0 = Debug|x64
		{76C0ED4D-1314-459D-9048-95BA9DCDF8CE}.Debug|x86.ActiveCfg = Debug|Win32
		{76C0ED4D-1314-459D-9048-95BA9DCDF8CE}.Debug|x86.Build.0 = Debug|Win32
		{76C0ED4D-1314-459D-9048-95BA9DCDF8CE}.Release|x64.ActiveCfg = Release|x64
		{76C0ED4D-1314-459D-9048-95BA9DCDF8CE}.Release|x64.Build.0 = Release|x64
		{76C0ED4D-1314-459D-9048-95BA9DCDF8CE}.Release|x86.ActiveCfg = Release|Win32
		{76C0ED4D-1314-459D-9048-95BA9DCDF8CE}.Release|x86.Build.0 = Release|Win32
	EndGlobalSection
	GlobalSection(SolutionProperties) = preSolution
		HideSolutionNode = FALSE
	EndGlobalSection
	GlobalSection(ExtensibilityGlobals) = postSolution
		SolutionGuid = {53746C2E-7545-431E-8D79-392E36526F09}
	EndGlobalSection
EndGlobal
